// !$*UTF8*$!
{
	archiveVersion = 1;
	classes = {
	};
	objectVersion = 46;
	objects = {

/* Begin PBXBuildFile section */
		CC330EC91C317E2D0088E648 /* ijinmaoAvatar.png in Resources */ = {isa = PBXBuildFile; fileRef = CC330EC81C317E2D0088E648 /* ijinmaoAvatar.png */; };
		CC3310941C33F7EA0088E648 /* MQServiceToViewInterface.m in Sources */ = {isa = PBXBuildFile; fileRef = CC330FD91C33F7EA0088E648 /* MQServiceToViewInterface.m */; };
		CC3310951C33F7EA0088E648 /* MQChatViewAsset.bundle in Resources */ = {isa = PBXBuildFile; fileRef = CC330FDC1C33F7EA0088E648 /* MQChatViewAsset.bundle */; };
		CC3310961C33F7EA0088E648 /* MQChatViewConfig.m in Sources */ = {isa = PBXBuildFile; fileRef = CC330FDF1C33F7EA0088E648 /* MQChatViewConfig.m */; };
		CC3310971C33F7EA0088E648 /* MQChatViewManager.m in Sources */ = {isa = PBXBuildFile; fileRef = CC330FE11C33F7EA0088E648 /* MQChatViewManager.m */; };
		CC3310981C33F7EA0088E648 /* MQChatViewController.m in Sources */ = {isa = PBXBuildFile; fileRef = CC330FE41C33F7EA0088E648 /* MQChatViewController.m */; };
		CC3310991C33F7EA0088E648 /* MQChatViewService.m in Sources */ = {isa = PBXBuildFile; fileRef = CC330FE61C33F7EA0088E648 /* MQChatViewService.m */; };
		CC33109A1C33F7EA0088E648 /* MQChatViewTableDataSource.m in Sources */ = {isa = PBXBuildFile; fileRef = CC330FE81C33F7EA0088E648 /* MQChatViewTableDataSource.m */; };
		CC33109B1C33F7EA0088E648 /* MQBaseMessage.m in Sources */ = {isa = PBXBuildFile; fileRef = CC330FEB1C33F7EA0088E648 /* MQBaseMessage.m */; };
		CC33109C1C33F7EA0088E648 /* MQEventMessage.m in Sources */ = {isa = PBXBuildFile; fileRef = CC330FED1C33F7EA0088E648 /* MQEventMessage.m */; };
		CC33109D1C33F7EA0088E648 /* MQImageMessage.m in Sources */ = {isa = PBXBuildFile; fileRef = CC330FEF1C33F7EA0088E648 /* MQImageMessage.m */; };
		CC33109E1C33F7EA0088E648 /* MQTextMessage.m in Sources */ = {isa = PBXBuildFile; fileRef = CC330FF11C33F7EA0088E648 /* MQTextMessage.m */; };
		CC33109F1C33F7EA0088E648 /* MQVoiceMessage.m in Sources */ = {isa = PBXBuildFile; fileRef = CC330FF31C33F7EA0088E648 /* MQVoiceMessage.m */; };
		CC3310A01C33F7EA0088E648 /* MQEventCellModel.m in Sources */ = {isa = PBXBuildFile; fileRef = CC330FF81C33F7EA0088E648 /* MQEventCellModel.m */; };
		CC3310A11C33F7EA0088E648 /* MQImageCellModel.m in Sources */ = {isa = PBXBuildFile; fileRef = CC330FFA1C33F7EA0088E648 /* MQImageCellModel.m */; };
		CC3310A21C33F7EA0088E648 /* MQMessageDateCellModel.m in Sources */ = {isa = PBXBuildFile; fileRef = CC330FFC1C33F7EA0088E648 /* MQMessageDateCellModel.m */; };
		CC3310A31C33F7EA0088E648 /* MQTextCellModel.m in Sources */ = {isa = PBXBuildFile; fileRef = CC330FFE1C33F7EA0088E648 /* MQTextCellModel.m */; };
		CC3310A41C33F7EA0088E648 /* MQTipsCellModel.m in Sources */ = {isa = PBXBuildFile; fileRef = CC3310001C33F7EA0088E648 /* MQTipsCellModel.m */; };
		CC3310A51C33F7EA0088E648 /* MQVoiceCellModel.m in Sources */ = {isa = PBXBuildFile; fileRef = CC3310021C33F7EA0088E648 /* MQVoiceCellModel.m */; };
		CC3310A61C33F7EA0088E648 /* MQChatBaseCell.m in Sources */ = {isa = PBXBuildFile; fileRef = CC3310051C33F7EA0088E648 /* MQChatBaseCell.m */; };
		CC3310A71C33F7EA0088E648 /* MQEventMessageCell.m in Sources */ = {isa = PBXBuildFile; fileRef = CC3310071C33F7EA0088E648 /* MQEventMessageCell.m */; };
		CC3310A81C33F7EA0088E648 /* MQImageMessageCell.m in Sources */ = {isa = PBXBuildFile; fileRef = CC3310091C33F7EA0088E648 /* MQImageMessageCell.m */; };
		CC3310A91C33F7EA0088E648 /* MQMessageDateCell.m in Sources */ = {isa = PBXBuildFile; fileRef = CC33100B1C33F7EA0088E648 /* MQMessageDateCell.m */; };
		CC3310AA1C33F7EA0088E648 /* MQTextMessageCell.m in Sources */ = {isa = PBXBuildFile; fileRef = CC33100D1C33F7EA0088E648 /* MQTextMessageCell.m */; };
		CC3310AB1C33F7EA0088E648 /* MQTipsCell.m in Sources */ = {isa = PBXBuildFile; fileRef = CC33100F1C33F7EA0088E648 /* MQTipsCell.m */; };
		CC3310AC1C33F7EA0088E648 /* MQVoiceMessageCell.m in Sources */ = {isa = PBXBuildFile; fileRef = CC3310111C33F7EA0088E648 /* MQVoiceMessageCell.m */; };
		CC3310AD1C33F7EA0088E648 /* MQAssetUtil.m in Sources */ = {isa = PBXBuildFile; fileRef = CC3310141C33F7EA0088E648 /* MQAssetUtil.m */; };
		CC3310AE1C33F7EA0088E648 /* MQBundleUtil.m in Sources */ = {isa = PBXBuildFile; fileRef = CC3310161C33F7EA0088E648 /* MQBundleUtil.m */; };
		CC3310AF1C33F7EA0088E648 /* MQChatAudioPlayer.m in Sources */ = {isa = PBXBuildFile; fileRef = CC3310181C33F7EA0088E648 /* MQChatAudioPlayer.m */; };
		CC3310B01C33F7EA0088E648 /* MQChatAudioRecorder.m in Sources */ = {isa = PBXBuildFile; fileRef = CC33101A1C33F7EA0088E648 /* MQChatAudioRecorder.m */; };
		CC3310B11C33F7EA0088E648 /* MQChatDeviceUtil.m in Sources */ = {isa = PBXBuildFile; fileRef = CC33101C1C33F7EA0088E648 /* MQChatDeviceUtil.m */; };
		CC3310B21C33F7EA0088E648 /* MQChatEmojize.m in Sources */ = {isa = PBXBuildFile; fileRef = CC33101E1C33F7EA0088E648 /* MQChatEmojize.m */; };
		CC3310B31C33F7EA0088E648 /* MQChatFileUtil.m in Sources */ = {isa = PBXBuildFile; fileRef = CC3310201C33F7EA0088E648 /* MQChatFileUtil.m */; };
		CC3310B41C33F7EA0088E648 /* MQChatRegexUtil.m in Sources */ = {isa = PBXBuildFile; fileRef = CC3310221C33F7EA0088E648 /* MQChatRegexUtil.m */; };
		CC3310B51C33F7EA0088E648 /* MQDateFormatterUtil.m in Sources */ = {isa = PBXBuildFile; fileRef = CC3310241C33F7EA0088E648 /* MQDateFormatterUtil.m */; };
		CC3310B61C33F7EA0088E648 /* MQImageUtil.m in Sources */ = {isa = PBXBuildFile; fileRef = CC3310261C33F7EA0088E648 /* MQImageUtil.m */; };
		CC3310B71C33F7EA0088E648 /* MQStringSizeUtil.m in Sources */ = {isa = PBXBuildFile; fileRef = CC3310281C33F7EA0088E648 /* MQStringSizeUtil.m */; };
		CC3310DD1C33F7EA0088E648 /* MQChatTableView.m in Sources */ = {isa = PBXBuildFile; fileRef = CC3310871C33F7EA0088E648 /* MQChatTableView.m */; };
		CC3310DE1C33F7EA0088E648 /* MQInputBar.m in Sources */ = {isa = PBXBuildFile; fileRef = CC33108A1C33F7EA0088E648 /* MQInputBar.m */; };
		CC3310DF1C33F7EA0088E648 /* MQPullRefreshView.m in Sources */ = {isa = PBXBuildFile; fileRef = CC33108D1C33F7EA0088E648 /* MQPullRefreshView.m */; };
		CC3310E01C33F7EA0088E648 /* MQRecordView.m in Sources */ = {isa = PBXBuildFile; fileRef = CC3310901C33F7EA0088E648 /* MQRecordView.m */; };
		CC3310E11C33F7EA0088E648 /* MQToast.m in Sources */ = {isa = PBXBuildFile; fileRef = CC3310931C33F7EA0088E648 /* MQToast.m */; };
		CC3310E31C33F7FB0088E648 /* MeiQiaSDK.framework in Frameworks */ = {isa = PBXBuildFile; fileRef = CC3310E21C33F7FB0088E648 /* MeiQiaSDK.framework */; };
		CC6873691C895E70000A1E63 /* amrFileCodec.mm in Sources */ = {isa = PBXBuildFile; fileRef = CC6873641C895E70000A1E63 /* amrFileCodec.mm */; };
		CC68736A1C895E70000A1E63 /* wav.mm in Sources */ = {isa = PBXBuildFile; fileRef = CC6873661C895E70000A1E63 /* wav.mm */; };
		CC68736B1C895E70000A1E63 /* VoiceConverter.mm in Sources */ = {isa = PBXBuildFile; fileRef = CC6873681C895E70000A1E63 /* VoiceConverter.mm */; };
		CC68736E1C895EE6000A1E63 /* MQEvaluationResultCellModel.m in Sources */ = {isa = PBXBuildFile; fileRef = CC68736D1C895EE6000A1E63 /* MQEvaluationResultCellModel.m */; };
		CC6873711C895EF7000A1E63 /* MQEvaluationResultCell.m in Sources */ = {isa = PBXBuildFile; fileRef = CC6873701C895EF7000A1E63 /* MQEvaluationResultCell.m */; };
		CC868F7A1C7AFFF200BFA68D /* MEIQIA_CustomIOSAlertView.m in Sources */ = {isa = PBXBuildFile; fileRef = CC868F1D1C7AFFF200BFA68D /* MEIQIA_CustomIOSAlertView.m */; };
		CC868F7B1C7AFFF200BFA68D /* MEIQIA_FBBitmapFont.m in Sources */ = {isa = PBXBuildFile; fileRef = CC868F201C7AFFF200BFA68D /* MEIQIA_FBBitmapFont.m */; };
		CC868F7C1C7AFFF200BFA68D /* MEIQIA_FBBitmapFontView.m in Sources */ = {isa = PBXBuildFile; fileRef = CC868F221C7AFFF200BFA68D /* MEIQIA_FBBitmapFontView.m */; };
		CC868F7D1C7AFFF200BFA68D /* MEIQIA_FBFontSymbol.m in Sources */ = {isa = PBXBuildFile; fileRef = CC868F241C7AFFF200BFA68D /* MEIQIA_FBFontSymbol.m */; };
		CC868F7E1C7AFFF200BFA68D /* MEIQIA_FBLCDFont.m in Sources */ = {isa = PBXBuildFile; fileRef = CC868F261C7AFFF200BFA68D /* MEIQIA_FBLCDFont.m */; };
		CC868F7F1C7AFFF200BFA68D /* MEIQIA_FBLCDFontView.m in Sources */ = {isa = PBXBuildFile; fileRef = CC868F281C7AFFF200BFA68D /* MEIQIA_FBLCDFontView.m */; };
		CC868F801C7AFFF200BFA68D /* MEIQIA_FBSquareFont.m in Sources */ = {isa = PBXBuildFile; fileRef = CC868F2A1C7AFFF200BFA68D /* MEIQIA_FBSquareFont.m */; };
		CC868F811C7AFFF200BFA68D /* MEIQIA_FBSquareFontView.m in Sources */ = {isa = PBXBuildFile; fileRef = CC868F2C1C7AFFF200BFA68D /* MEIQIA_FBSquareFontView.m */; };
		CC868F821C7AFFF200BFA68D /* MEIQIA_HPGrowingTextView.m in Sources */ = {isa = PBXBuildFile; fileRef = CC868F2F1C7AFFF200BFA68D /* MEIQIA_HPGrowingTextView.m */; };
		CC868F831C7AFFF200BFA68D /* MEIQIA_HPTextViewInternal.m in Sources */ = {isa = PBXBuildFile; fileRef = CC868F311C7AFFF200BFA68D /* MEIQIA_HPTextViewInternal.m */; };
		CC868F841C7AFFF200BFA68D /* MEIQIA_MHFacebookImageViewer.m in Sources */ = {isa = PBXBuildFile; fileRef = CC868F341C7AFFF200BFA68D /* MEIQIA_MHFacebookImageViewer.m */; };
		CC868F851C7AFFF200BFA68D /* UIImageView+MEIQIA_MHFacebookImageViewer.m in Sources */ = {isa = PBXBuildFile; fileRef = CC868F361C7AFFF200BFA68D /* UIImageView+MEIQIA_MHFacebookImageViewer.m */; };
		CC868F861C7AFFF200BFA68D /* libopencore-amrnb.a in Frameworks */ = {isa = PBXBuildFile; fileRef = CC868F411C7AFFF200BFA68D /* libopencore-amrnb.a */; };
		CC868F871C7AFFF200BFA68D /* libopencore-amrwb.a in Frameworks */ = {isa = PBXBuildFile; fileRef = CC868F421C7AFFF200BFA68D /* libopencore-amrwb.a */; };
		CC868F881C7AFFF200BFA68D /* MEIQIA_AmrRecordWriter.m in Sources */ = {isa = PBXBuildFile; fileRef = CC868F451C7AFFF200BFA68D /* MEIQIA_AmrRecordWriter.m */; };
		CC868F891C7AFFF200BFA68D /* MEIQIA_CafRecordWriter.m in Sources */ = {isa = PBXBuildFile; fileRef = CC868F471C7AFFF200BFA68D /* MEIQIA_CafRecordWriter.m */; };
		CC868F8A1C7AFFF200BFA68D /* MEIQIA_MLAudioMeterObserver.m in Sources */ = {isa = PBXBuildFile; fileRef = CC868F491C7AFFF200BFA68D /* MEIQIA_MLAudioMeterObserver.m */; };
		CC868F8B1C7AFFF200BFA68D /* MEIQIA_MLAudioRecorder.m in Sources */ = {isa = PBXBuildFile; fileRef = CC868F4B1C7AFFF200BFA68D /* MEIQIA_MLAudioRecorder.m */; };
		CC868F9C1C7AFFF200BFA68D /* MEIQIA_TTTAttributedLabel.m in Sources */ = {isa = PBXBuildFile; fileRef = CC868F711C7AFFF200BFA68D /* MEIQIA_TTTAttributedLabel.m */; };
		CCD1450D1C4F41C1007CA0DC /* MQEvaluationView.m in Sources */ = {isa = PBXBuildFile; fileRef = CCD1450C1C4F41C1007CA0DC /* MQEvaluationView.m */; };
		CCD145101C4F41DE007CA0DC /* MQEvaluationCell.m in Sources */ = {isa = PBXBuildFile; fileRef = CCD1450F1C4F41DE007CA0DC /* MQEvaluationCell.m */; };
		CCE209CD1C91452A00A7615A /* libsqlite3.tbd in Frameworks */ = {isa = PBXBuildFile; fileRef = CCE9D13D1C18137D004E862E /* libsqlite3.tbd */; };
		CCE9D10B1C1812F6004E862E /* main.m in Sources */ = {isa = PBXBuildFile; fileRef = CCE9D10A1C1812F6004E862E /* main.m */; };
		CCE9D10E1C1812F6004E862E /* AppDelegate.m in Sources */ = {isa = PBXBuildFile; fileRef = CCE9D10D1C1812F6004E862E /* AppDelegate.m */; };
		CCE9D1111C1812F6004E862E /* ViewController.m in Sources */ = {isa = PBXBuildFile; fileRef = CCE9D1101C1812F6004E862E /* ViewController.m */; };
		CCE9D1141C1812F6004E862E /* Main.storyboard in Resources */ = {isa = PBXBuildFile; fileRef = CCE9D1121C1812F6004E862E /* Main.storyboard */; };
		CCE9D1161C1812F6004E862E /* Assets.xcassets in Resources */ = {isa = PBXBuildFile; fileRef = CCE9D1151C1812F6004E862E /* Assets.xcassets */; };
		CCE9D1191C1812F6004E862E /* LaunchScreen.storyboard in Resources */ = {isa = PBXBuildFile; fileRef = CCE9D1171C1812F6004E862E /* LaunchScreen.storyboard */; };
		CCE9D1241C1812F6004E862E /* Meiqia_SDK_DemoTests.m in Sources */ = {isa = PBXBuildFile; fileRef = CCE9D1231C1812F6004E862E /* Meiqia_SDK_DemoTests.m */; };
		CCE9D12F1C1812F6004E862E /* Meiqia_SDK_DemoUITests.m in Sources */ = {isa = PBXBuildFile; fileRef = CCE9D12E1C1812F6004E862E /* Meiqia_SDK_DemoUITests.m */; };
		CCE9D1401C181385004E862E /* libicucore.tbd in Frameworks */ = {isa = PBXBuildFile; fileRef = CCE9D13F1C181385004E862E /* libicucore.tbd */; };
		CCE9D1421C18138C004E862E /* AVFoundation.framework in Frameworks */ = {isa = PBXBuildFile; fileRef = CCE9D1411C18138C004E862E /* AVFoundation.framework */; };
		CCE9D1441C181393004E862E /* CoreTelephony.framework in Frameworks */ = {isa = PBXBuildFile; fileRef = CCE9D1431C181393004E862E /* CoreTelephony.framework */; };
		CCE9D1461C181399004E862E /* SystemConfiguration.framework in Frameworks */ = {isa = PBXBuildFile; fileRef = CCE9D1451C181399004E862E /* SystemConfiguration.framework */; };
		CCE9D1481C18139E004E862E /* MobileCoreServices.framework in Frameworks */ = {isa = PBXBuildFile; fileRef = CCE9D1471C18139E004E862E /* MobileCoreServices.framework */; };
		CCE9D14D1C1813BE004E862E /* DevelopViewController.m in Sources */ = {isa = PBXBuildFile; fileRef = CCE9D14C1C1813BE004E862E /* DevelopViewController.m */; };
		E488BF7F1CA2608800753736 /* UIView+Layout.m in Sources */ = {isa = PBXBuildFile; fileRef = E488BF7E1CA2608800753736 /* UIView+Layout.m */; };
		E49C7BBF1C96A8D3003027E8 /* UIViewController+OrientationFix.m in Sources */ = {isa = PBXBuildFile; fileRef = E49C7BBE1C96A8D3003027E8 /* UIViewController+OrientationFix.m */; };
		E4A533E51C9F90DD0053BC88 /* MQAnimatorPush.m in Sources */ = {isa = PBXBuildFile; fileRef = E4A533E01C9F90DD0053BC88 /* MQAnimatorPush.m */; };
		E4A533E61C9F90DD0053BC88 /* MQShareTransitioningDelegateImpl.m in Sources */ = {isa = PBXBuildFile; fileRef = E4A533E21C9F90DD0053BC88 /* MQShareTransitioningDelegateImpl.m */; };
		E4A533E71C9F90DD0053BC88 /* MQTransitioningAnimation.m in Sources */ = {isa = PBXBuildFile; fileRef = E4A533E41C9F90DD0053BC88 /* MQTransitioningAnimation.m */; };
		E4A533EA1C9FE6670053BC88 /* UIViewController+BackButtonHandler.m in Sources */ = {isa = PBXBuildFile; fileRef = E4A533E91C9FE6670053BC88 /* UIViewController+BackButtonHandler.m */; };
/* End PBXBuildFile section */

/* Begin PBXContainerItemProxy section */
		CCE9D1201C1812F6004E862E /* PBXContainerItemProxy */ = {
			isa = PBXContainerItemProxy;
			containerPortal = CCE9D0FE1C1812F6004E862E /* Project object */;
			proxyType = 1;
			remoteGlobalIDString = CCE9D1051C1812F6004E862E;
			remoteInfo = "Meiqia-SDK-Demo";
		};
		CCE9D12B1C1812F6004E862E /* PBXContainerItemProxy */ = {
			isa = PBXContainerItemProxy;
			containerPortal = CCE9D0FE1C1812F6004E862E /* Project object */;
			proxyType = 1;
			remoteGlobalIDString = CCE9D1051C1812F6004E862E;
			remoteInfo = "Meiqia-SDK-Demo";
		};
/* End PBXContainerItemProxy section */

/* Begin PBXFileReference section */
		CC330EC81C317E2D0088E648 /* ijinmaoAvatar.png */ = {isa = PBXFileReference; lastKnownFileType = image.png; path = ijinmaoAvatar.png; sourceTree = "<group>"; };
		CC330FD81C33F7EA0088E648 /* MQServiceToViewInterface.h */ = {isa = PBXFileReference; fileEncoding = 4; lastKnownFileType = sourcecode.c.h; path = MQServiceToViewInterface.h; sourceTree = "<group>"; };
		CC330FD91C33F7EA0088E648 /* MQServiceToViewInterface.m */ = {isa = PBXFileReference; fileEncoding = 4; lastKnownFileType = sourcecode.c.objc; path = MQServiceToViewInterface.m; sourceTree = "<group>"; };
		CC330FDC1C33F7EA0088E648 /* MQChatViewAsset.bundle */ = {isa = PBXFileReference; lastKnownFileType = "wrapper.plug-in"; path = MQChatViewAsset.bundle; sourceTree = "<group>"; };
		CC330FDE1C33F7EA0088E648 /* MQChatViewConfig.h */ = {isa = PBXFileReference; fileEncoding = 4; lastKnownFileType = sourcecode.c.h; path = MQChatViewConfig.h; sourceTree = "<group>"; };
		CC330FDF1C33F7EA0088E648 /* MQChatViewConfig.m */ = {isa = PBXFileReference; fileEncoding = 4; lastKnownFileType = sourcecode.c.objc; path = MQChatViewConfig.m; sourceTree = "<group>"; };
		CC330FE01C33F7EA0088E648 /* MQChatViewManager.h */ = {isa = PBXFileReference; fileEncoding = 4; lastKnownFileType = sourcecode.c.h; path = MQChatViewManager.h; sourceTree = "<group>"; };
		CC330FE11C33F7EA0088E648 /* MQChatViewManager.m */ = {isa = PBXFileReference; fileEncoding = 4; lastKnownFileType = sourcecode.c.objc; path = MQChatViewManager.m; sourceTree = "<group>"; };
		CC330FE31C33F7EA0088E648 /* MQChatViewController.h */ = {isa = PBXFileReference; fileEncoding = 4; lastKnownFileType = sourcecode.c.h; path = MQChatViewController.h; sourceTree = "<group>"; };
		CC330FE41C33F7EA0088E648 /* MQChatViewController.m */ = {isa = PBXFileReference; fileEncoding = 4; lastKnownFileType = sourcecode.c.objc; path = MQChatViewController.m; sourceTree = "<group>"; };
		CC330FE51C33F7EA0088E648 /* MQChatViewService.h */ = {isa = PBXFileReference; fileEncoding = 4; lastKnownFileType = sourcecode.c.h; path = MQChatViewService.h; sourceTree = "<group>"; };
		CC330FE61C33F7EA0088E648 /* MQChatViewService.m */ = {isa = PBXFileReference; fileEncoding = 4; lastKnownFileType = sourcecode.c.objc; path = MQChatViewService.m; sourceTree = "<group>"; };
		CC330FE71C33F7EA0088E648 /* MQChatViewTableDataSource.h */ = {isa = PBXFileReference; fileEncoding = 4; lastKnownFileType = sourcecode.c.h; path = MQChatViewTableDataSource.h; sourceTree = "<group>"; };
		CC330FE81C33F7EA0088E648 /* MQChatViewTableDataSource.m */ = {isa = PBXFileReference; fileEncoding = 4; lastKnownFileType = sourcecode.c.objc; path = MQChatViewTableDataSource.m; sourceTree = "<group>"; };
		CC330FEA1C33F7EA0088E648 /* MQBaseMessage.h */ = {isa = PBXFileReference; fileEncoding = 4; lastKnownFileType = sourcecode.c.h; path = MQBaseMessage.h; sourceTree = "<group>"; };
		CC330FEB1C33F7EA0088E648 /* MQBaseMessage.m */ = {isa = PBXFileReference; fileEncoding = 4; lastKnownFileType = sourcecode.c.objc; path = MQBaseMessage.m; sourceTree = "<group>"; };
		CC330FEC1C33F7EA0088E648 /* MQEventMessage.h */ = {isa = PBXFileReference; fileEncoding = 4; lastKnownFileType = sourcecode.c.h; path = MQEventMessage.h; sourceTree = "<group>"; };
		CC330FED1C33F7EA0088E648 /* MQEventMessage.m */ = {isa = PBXFileReference; fileEncoding = 4; lastKnownFileType = sourcecode.c.objc; path = MQEventMessage.m; sourceTree = "<group>"; };
		CC330FEE1C33F7EA0088E648 /* MQImageMessage.h */ = {isa = PBXFileReference; fileEncoding = 4; lastKnownFileType = sourcecode.c.h; path = MQImageMessage.h; sourceTree = "<group>"; };
		CC330FEF1C33F7EA0088E648 /* MQImageMessage.m */ = {isa = PBXFileReference; fileEncoding = 4; lastKnownFileType = sourcecode.c.objc; path = MQImageMessage.m; sourceTree = "<group>"; };
		CC330FF01C33F7EA0088E648 /* MQTextMessage.h */ = {isa = PBXFileReference; fileEncoding = 4; lastKnownFileType = sourcecode.c.h; path = MQTextMessage.h; sourceTree = "<group>"; };
		CC330FF11C33F7EA0088E648 /* MQTextMessage.m */ = {isa = PBXFileReference; fileEncoding = 4; lastKnownFileType = sourcecode.c.objc; path = MQTextMessage.m; sourceTree = "<group>"; };
		CC330FF21C33F7EA0088E648 /* MQVoiceMessage.h */ = {isa = PBXFileReference; fileEncoding = 4; lastKnownFileType = sourcecode.c.h; path = MQVoiceMessage.h; sourceTree = "<group>"; };
		CC330FF31C33F7EA0088E648 /* MQVoiceMessage.m */ = {isa = PBXFileReference; fileEncoding = 4; lastKnownFileType = sourcecode.c.objc; path = MQVoiceMessage.m; sourceTree = "<group>"; };
		CC330FF61C33F7EA0088E648 /* MQCellModelProtocol.h */ = {isa = PBXFileReference; fileEncoding = 4; lastKnownFileType = sourcecode.c.h; path = MQCellModelProtocol.h; sourceTree = "<group>"; };
		CC330FF71C33F7EA0088E648 /* MQEventCellModel.h */ = {isa = PBXFileReference; fileEncoding = 4; lastKnownFileType = sourcecode.c.h; path = MQEventCellModel.h; sourceTree = "<group>"; };
		CC330FF81C33F7EA0088E648 /* MQEventCellModel.m */ = {isa = PBXFileReference; fileEncoding = 4; lastKnownFileType = sourcecode.c.objc; path = MQEventCellModel.m; sourceTree = "<group>"; };
		CC330FF91C33F7EA0088E648 /* MQImageCellModel.h */ = {isa = PBXFileReference; fileEncoding = 4; lastKnownFileType = sourcecode.c.h; path = MQImageCellModel.h; sourceTree = "<group>"; };
		CC330FFA1C33F7EA0088E648 /* MQImageCellModel.m */ = {isa = PBXFileReference; fileEncoding = 4; lastKnownFileType = sourcecode.c.objc; path = MQImageCellModel.m; sourceTree = "<group>"; };
		CC330FFB1C33F7EA0088E648 /* MQMessageDateCellModel.h */ = {isa = PBXFileReference; fileEncoding = 4; lastKnownFileType = sourcecode.c.h; path = MQMessageDateCellModel.h; sourceTree = "<group>"; };
		CC330FFC1C33F7EA0088E648 /* MQMessageDateCellModel.m */ = {isa = PBXFileReference; fileEncoding = 4; lastKnownFileType = sourcecode.c.objc; path = MQMessageDateCellModel.m; sourceTree = "<group>"; };
		CC330FFD1C33F7EA0088E648 /* MQTextCellModel.h */ = {isa = PBXFileReference; fileEncoding = 4; lastKnownFileType = sourcecode.c.h; path = MQTextCellModel.h; sourceTree = "<group>"; };
		CC330FFE1C33F7EA0088E648 /* MQTextCellModel.m */ = {isa = PBXFileReference; fileEncoding = 4; lastKnownFileType = sourcecode.c.objc; path = MQTextCellModel.m; sourceTree = "<group>"; };
		CC330FFF1C33F7EA0088E648 /* MQTipsCellModel.h */ = {isa = PBXFileReference; fileEncoding = 4; lastKnownFileType = sourcecode.c.h; path = MQTipsCellModel.h; sourceTree = "<group>"; };
		CC3310001C33F7EA0088E648 /* MQTipsCellModel.m */ = {isa = PBXFileReference; fileEncoding = 4; lastKnownFileType = sourcecode.c.objc; path = MQTipsCellModel.m; sourceTree = "<group>"; };
		CC3310011C33F7EA0088E648 /* MQVoiceCellModel.h */ = {isa = PBXFileReference; fileEncoding = 4; lastKnownFileType = sourcecode.c.h; path = MQVoiceCellModel.h; sourceTree = "<group>"; };
		CC3310021C33F7EA0088E648 /* MQVoiceCellModel.m */ = {isa = PBXFileReference; fileEncoding = 4; lastKnownFileType = sourcecode.c.objc; path = MQVoiceCellModel.m; sourceTree = "<group>"; };
		CC3310041C33F7EA0088E648 /* MQChatBaseCell.h */ = {isa = PBXFileReference; fileEncoding = 4; lastKnownFileType = sourcecode.c.h; path = MQChatBaseCell.h; sourceTree = "<group>"; };
		CC3310051C33F7EA0088E648 /* MQChatBaseCell.m */ = {isa = PBXFileReference; fileEncoding = 4; lastKnownFileType = sourcecode.c.objc; path = MQChatBaseCell.m; sourceTree = "<group>"; };
		CC3310061C33F7EA0088E648 /* MQEventMessageCell.h */ = {isa = PBXFileReference; fileEncoding = 4; lastKnownFileType = sourcecode.c.h; path = MQEventMessageCell.h; sourceTree = "<group>"; };
		CC3310071C33F7EA0088E648 /* MQEventMessageCell.m */ = {isa = PBXFileReference; fileEncoding = 4; lastKnownFileType = sourcecode.c.objc; path = MQEventMessageCell.m; sourceTree = "<group>"; };
		CC3310081C33F7EA0088E648 /* MQImageMessageCell.h */ = {isa = PBXFileReference; fileEncoding = 4; lastKnownFileType = sourcecode.c.h; path = MQImageMessageCell.h; sourceTree = "<group>"; };
		CC3310091C33F7EA0088E648 /* MQImageMessageCell.m */ = {isa = PBXFileReference; fileEncoding = 4; lastKnownFileType = sourcecode.c.objc; path = MQImageMessageCell.m; sourceTree = "<group>"; };
		CC33100A1C33F7EA0088E648 /* MQMessageDateCell.h */ = {isa = PBXFileReference; fileEncoding = 4; lastKnownFileType = sourcecode.c.h; path = MQMessageDateCell.h; sourceTree = "<group>"; };
		CC33100B1C33F7EA0088E648 /* MQMessageDateCell.m */ = {isa = PBXFileReference; fileEncoding = 4; lastKnownFileType = sourcecode.c.objc; path = MQMessageDateCell.m; sourceTree = "<group>"; };
		CC33100C1C33F7EA0088E648 /* MQTextMessageCell.h */ = {isa = PBXFileReference; fileEncoding = 4; lastKnownFileType = sourcecode.c.h; path = MQTextMessageCell.h; sourceTree = "<group>"; };
		CC33100D1C33F7EA0088E648 /* MQTextMessageCell.m */ = {isa = PBXFileReference; fileEncoding = 4; lastKnownFileType = sourcecode.c.objc; path = MQTextMessageCell.m; sourceTree = "<group>"; };
		CC33100E1C33F7EA0088E648 /* MQTipsCell.h */ = {isa = PBXFileReference; fileEncoding = 4; lastKnownFileType = sourcecode.c.h; path = MQTipsCell.h; sourceTree = "<group>"; };
		CC33100F1C33F7EA0088E648 /* MQTipsCell.m */ = {isa = PBXFileReference; fileEncoding = 4; lastKnownFileType = sourcecode.c.objc; path = MQTipsCell.m; sourceTree = "<group>"; };
		CC3310101C33F7EA0088E648 /* MQVoiceMessageCell.h */ = {isa = PBXFileReference; fileEncoding = 4; lastKnownFileType = sourcecode.c.h; path = MQVoiceMessageCell.h; sourceTree = "<group>"; };
		CC3310111C33F7EA0088E648 /* MQVoiceMessageCell.m */ = {isa = PBXFileReference; fileEncoding = 4; lastKnownFileType = sourcecode.c.objc; path = MQVoiceMessageCell.m; sourceTree = "<group>"; };
		CC3310131C33F7EA0088E648 /* MQAssetUtil.h */ = {isa = PBXFileReference; fileEncoding = 4; lastKnownFileType = sourcecode.c.h; path = MQAssetUtil.h; sourceTree = "<group>"; };
		CC3310141C33F7EA0088E648 /* MQAssetUtil.m */ = {isa = PBXFileReference; fileEncoding = 4; lastKnownFileType = sourcecode.c.objc; path = MQAssetUtil.m; sourceTree = "<group>"; };
		CC3310151C33F7EA0088E648 /* MQBundleUtil.h */ = {isa = PBXFileReference; fileEncoding = 4; lastKnownFileType = sourcecode.c.h; path = MQBundleUtil.h; sourceTree = "<group>"; };
		CC3310161C33F7EA0088E648 /* MQBundleUtil.m */ = {isa = PBXFileReference; fileEncoding = 4; lastKnownFileType = sourcecode.c.objc; path = MQBundleUtil.m; sourceTree = "<group>"; };
		CC3310171C33F7EA0088E648 /* MQChatAudioPlayer.h */ = {isa = PBXFileReference; fileEncoding = 4; lastKnownFileType = sourcecode.c.h; path = MQChatAudioPlayer.h; sourceTree = "<group>"; };
		CC3310181C33F7EA0088E648 /* MQChatAudioPlayer.m */ = {isa = PBXFileReference; fileEncoding = 4; lastKnownFileType = sourcecode.c.objc; path = MQChatAudioPlayer.m; sourceTree = "<group>"; };
		CC3310191C33F7EA0088E648 /* MQChatAudioRecorder.h */ = {isa = PBXFileReference; fileEncoding = 4; lastKnownFileType = sourcecode.c.h; path = MQChatAudioRecorder.h; sourceTree = "<group>"; };
		CC33101A1C33F7EA0088E648 /* MQChatAudioRecorder.m */ = {isa = PBXFileReference; fileEncoding = 4; lastKnownFileType = sourcecode.c.objc; path = MQChatAudioRecorder.m; sourceTree = "<group>"; };
		CC33101B1C33F7EA0088E648 /* MQChatDeviceUtil.h */ = {isa = PBXFileReference; fileEncoding = 4; lastKnownFileType = sourcecode.c.h; path = MQChatDeviceUtil.h; sourceTree = "<group>"; };
		CC33101C1C33F7EA0088E648 /* MQChatDeviceUtil.m */ = {isa = PBXFileReference; fileEncoding = 4; lastKnownFileType = sourcecode.c.objc; path = MQChatDeviceUtil.m; sourceTree = "<group>"; };
		CC33101D1C33F7EA0088E648 /* MQChatEmojize.h */ = {isa = PBXFileReference; fileEncoding = 4; lastKnownFileType = sourcecode.c.h; path = MQChatEmojize.h; sourceTree = "<group>"; };
		CC33101E1C33F7EA0088E648 /* MQChatEmojize.m */ = {isa = PBXFileReference; fileEncoding = 4; lastKnownFileType = sourcecode.c.objc; path = MQChatEmojize.m; sourceTree = "<group>"; };
		CC33101F1C33F7EA0088E648 /* MQChatFileUtil.h */ = {isa = PBXFileReference; fileEncoding = 4; lastKnownFileType = sourcecode.c.h; path = MQChatFileUtil.h; sourceTree = "<group>"; };
		CC3310201C33F7EA0088E648 /* MQChatFileUtil.m */ = {isa = PBXFileReference; fileEncoding = 4; lastKnownFileType = sourcecode.c.objc; path = MQChatFileUtil.m; sourceTree = "<group>"; };
		CC3310211C33F7EA0088E648 /* MQChatRegexUtil.h */ = {isa = PBXFileReference; fileEncoding = 4; lastKnownFileType = sourcecode.c.h; path = MQChatRegexUtil.h; sourceTree = "<group>"; };
		CC3310221C33F7EA0088E648 /* MQChatRegexUtil.m */ = {isa = PBXFileReference; fileEncoding = 4; lastKnownFileType = sourcecode.c.objc; path = MQChatRegexUtil.m; sourceTree = "<group>"; };
		CC3310231C33F7EA0088E648 /* MQDateFormatterUtil.h */ = {isa = PBXFileReference; fileEncoding = 4; lastKnownFileType = sourcecode.c.h; path = MQDateFormatterUtil.h; sourceTree = "<group>"; };
		CC3310241C33F7EA0088E648 /* MQDateFormatterUtil.m */ = {isa = PBXFileReference; fileEncoding = 4; lastKnownFileType = sourcecode.c.objc; path = MQDateFormatterUtil.m; sourceTree = "<group>"; };
		CC3310251C33F7EA0088E648 /* MQImageUtil.h */ = {isa = PBXFileReference; fileEncoding = 4; lastKnownFileType = sourcecode.c.h; path = MQImageUtil.h; sourceTree = "<group>"; };
		CC3310261C33F7EA0088E648 /* MQImageUtil.m */ = {isa = PBXFileReference; fileEncoding = 4; lastKnownFileType = sourcecode.c.objc; path = MQImageUtil.m; sourceTree = "<group>"; };
		CC3310271C33F7EA0088E648 /* MQStringSizeUtil.h */ = {isa = PBXFileReference; fileEncoding = 4; lastKnownFileType = sourcecode.c.h; path = MQStringSizeUtil.h; sourceTree = "<group>"; };
		CC3310281C33F7EA0088E648 /* MQStringSizeUtil.m */ = {isa = PBXFileReference; fileEncoding = 4; lastKnownFileType = sourcecode.c.objc; path = MQStringSizeUtil.m; sourceTree = "<group>"; };
		CC3310861C33F7EA0088E648 /* MQChatTableView.h */ = {isa = PBXFileReference; fileEncoding = 4; lastKnownFileType = sourcecode.c.h; path = MQChatTableView.h; sourceTree = "<group>"; };
		CC3310871C33F7EA0088E648 /* MQChatTableView.m */ = {isa = PBXFileReference; fileEncoding = 4; lastKnownFileType = sourcecode.c.objc; path = MQChatTableView.m; sourceTree = "<group>"; };
		CC3310891C33F7EA0088E648 /* MQInputBar.h */ = {isa = PBXFileReference; fileEncoding = 4; lastKnownFileType = sourcecode.c.h; path = MQInputBar.h; sourceTree = "<group>"; };
		CC33108A1C33F7EA0088E648 /* MQInputBar.m */ = {isa = PBXFileReference; fileEncoding = 4; lastKnownFileType = sourcecode.c.objc; path = MQInputBar.m; sourceTree = "<group>"; };
		CC33108C1C33F7EA0088E648 /* MQPullRefreshView.h */ = {isa = PBXFileReference; fileEncoding = 4; lastKnownFileType = sourcecode.c.h; path = MQPullRefreshView.h; sourceTree = "<group>"; };
		CC33108D1C33F7EA0088E648 /* MQPullRefreshView.m */ = {isa = PBXFileReference; fileEncoding = 4; lastKnownFileType = sourcecode.c.objc; path = MQPullRefreshView.m; sourceTree = "<group>"; };
		CC33108F1C33F7EA0088E648 /* MQRecordView.h */ = {isa = PBXFileReference; fileEncoding = 4; lastKnownFileType = sourcecode.c.h; path = MQRecordView.h; sourceTree = "<group>"; };
		CC3310901C33F7EA0088E648 /* MQRecordView.m */ = {isa = PBXFileReference; fileEncoding = 4; lastKnownFileType = sourcecode.c.objc; path = MQRecordView.m; sourceTree = "<group>"; };
		CC3310921C33F7EA0088E648 /* MQToast.h */ = {isa = PBXFileReference; fileEncoding = 4; lastKnownFileType = sourcecode.c.h; path = MQToast.h; sourceTree = "<group>"; };
		CC3310931C33F7EA0088E648 /* MQToast.m */ = {isa = PBXFileReference; fileEncoding = 4; lastKnownFileType = sourcecode.c.objc; path = MQToast.m; sourceTree = "<group>"; };
		CC3310E21C33F7FB0088E648 /* MeiQiaSDK.framework */ = {isa = PBXFileReference; lastKnownFileType = wrapper.framework; name = MeiQiaSDK.framework; path = "../Meiqia-SDK-files/MeiQiaSDK.framework"; sourceTree = "<group>"; };
		CC6873631C895E70000A1E63 /* amrFileCodec.h */ = {isa = PBXFileReference; fileEncoding = 4; lastKnownFileType = sourcecode.c.h; path = amrFileCodec.h; sourceTree = "<group>"; };
		CC6873641C895E70000A1E63 /* amrFileCodec.mm */ = {isa = PBXFileReference; fileEncoding = 4; lastKnownFileType = sourcecode.cpp.objcpp; path = amrFileCodec.mm; sourceTree = "<group>"; };
		CC6873651C895E70000A1E63 /* wav.h */ = {isa = PBXFileReference; fileEncoding = 4; lastKnownFileType = sourcecode.c.h; path = wav.h; sourceTree = "<group>"; };
		CC6873661C895E70000A1E63 /* wav.mm */ = {isa = PBXFileReference; fileEncoding = 4; lastKnownFileType = sourcecode.cpp.objcpp; path = wav.mm; sourceTree = "<group>"; };
		CC6873671C895E70000A1E63 /* VoiceConverter.h */ = {isa = PBXFileReference; fileEncoding = 4; lastKnownFileType = sourcecode.c.h; path = VoiceConverter.h; sourceTree = "<group>"; };
		CC6873681C895E70000A1E63 /* VoiceConverter.mm */ = {isa = PBXFileReference; fileEncoding = 4; lastKnownFileType = sourcecode.cpp.objcpp; path = VoiceConverter.mm; sourceTree = "<group>"; };
		CC68736C1C895EE6000A1E63 /* MQEvaluationResultCellModel.h */ = {isa = PBXFileReference; fileEncoding = 4; lastKnownFileType = sourcecode.c.h; path = MQEvaluationResultCellModel.h; sourceTree = "<group>"; };
		CC68736D1C895EE6000A1E63 /* MQEvaluationResultCellModel.m */ = {isa = PBXFileReference; fileEncoding = 4; lastKnownFileType = sourcecode.c.objc; path = MQEvaluationResultCellModel.m; sourceTree = "<group>"; };
		CC68736F1C895EF7000A1E63 /* MQEvaluationResultCell.h */ = {isa = PBXFileReference; fileEncoding = 4; lastKnownFileType = sourcecode.c.h; path = MQEvaluationResultCell.h; sourceTree = "<group>"; };
		CC6873701C895EF7000A1E63 /* MQEvaluationResultCell.m */ = {isa = PBXFileReference; fileEncoding = 4; lastKnownFileType = sourcecode.c.objc; path = MQEvaluationResultCell.m; sourceTree = "<group>"; };
		CC868F1C1C7AFFF200BFA68D /* MEIQIA_CustomIOSAlertView.h */ = {isa = PBXFileReference; fileEncoding = 4; lastKnownFileType = sourcecode.c.h; path = MEIQIA_CustomIOSAlertView.h; sourceTree = "<group>"; };
		CC868F1D1C7AFFF200BFA68D /* MEIQIA_CustomIOSAlertView.m */ = {isa = PBXFileReference; fileEncoding = 4; lastKnownFileType = sourcecode.c.objc; path = MEIQIA_CustomIOSAlertView.m; sourceTree = "<group>"; };
		CC868F1F1C7AFFF200BFA68D /* MEIQIA_FBBitmapFont.h */ = {isa = PBXFileReference; fileEncoding = 4; lastKnownFileType = sourcecode.c.h; path = MEIQIA_FBBitmapFont.h; sourceTree = "<group>"; };
		CC868F201C7AFFF200BFA68D /* MEIQIA_FBBitmapFont.m */ = {isa = PBXFileReference; fileEncoding = 4; lastKnownFileType = sourcecode.c.objc; path = MEIQIA_FBBitmapFont.m; sourceTree = "<group>"; };
		CC868F211C7AFFF200BFA68D /* MEIQIA_FBBitmapFontView.h */ = {isa = PBXFileReference; fileEncoding = 4; lastKnownFileType = sourcecode.c.h; path = MEIQIA_FBBitmapFontView.h; sourceTree = "<group>"; };
		CC868F221C7AFFF200BFA68D /* MEIQIA_FBBitmapFontView.m */ = {isa = PBXFileReference; fileEncoding = 4; lastKnownFileType = sourcecode.c.objc; path = MEIQIA_FBBitmapFontView.m; sourceTree = "<group>"; };
		CC868F231C7AFFF200BFA68D /* MEIQIA_FBFontSymbol.h */ = {isa = PBXFileReference; fileEncoding = 4; lastKnownFileType = sourcecode.c.h; path = MEIQIA_FBFontSymbol.h; sourceTree = "<group>"; };
		CC868F241C7AFFF200BFA68D /* MEIQIA_FBFontSymbol.m */ = {isa = PBXFileReference; fileEncoding = 4; lastKnownFileType = sourcecode.c.objc; path = MEIQIA_FBFontSymbol.m; sourceTree = "<group>"; };
		CC868F251C7AFFF200BFA68D /* MEIQIA_FBLCDFont.h */ = {isa = PBXFileReference; fileEncoding = 4; lastKnownFileType = sourcecode.c.h; path = MEIQIA_FBLCDFont.h; sourceTree = "<group>"; };
		CC868F261C7AFFF200BFA68D /* MEIQIA_FBLCDFont.m */ = {isa = PBXFileReference; fileEncoding = 4; lastKnownFileType = sourcecode.c.objc; path = MEIQIA_FBLCDFont.m; sourceTree = "<group>"; };
		CC868F271C7AFFF200BFA68D /* MEIQIA_FBLCDFontView.h */ = {isa = PBXFileReference; fileEncoding = 4; lastKnownFileType = sourcecode.c.h; path = MEIQIA_FBLCDFontView.h; sourceTree = "<group>"; };
		CC868F281C7AFFF200BFA68D /* MEIQIA_FBLCDFontView.m */ = {isa = PBXFileReference; fileEncoding = 4; lastKnownFileType = sourcecode.c.objc; path = MEIQIA_FBLCDFontView.m; sourceTree = "<group>"; };
		CC868F291C7AFFF200BFA68D /* MEIQIA_FBSquareFont.h */ = {isa = PBXFileReference; fileEncoding = 4; lastKnownFileType = sourcecode.c.h; path = MEIQIA_FBSquareFont.h; sourceTree = "<group>"; };
		CC868F2A1C7AFFF200BFA68D /* MEIQIA_FBSquareFont.m */ = {isa = PBXFileReference; fileEncoding = 4; lastKnownFileType = sourcecode.c.objc; path = MEIQIA_FBSquareFont.m; sourceTree = "<group>"; };
		CC868F2B1C7AFFF200BFA68D /* MEIQIA_FBSquareFontView.h */ = {isa = PBXFileReference; fileEncoding = 4; lastKnownFileType = sourcecode.c.h; path = MEIQIA_FBSquareFontView.h; sourceTree = "<group>"; };
		CC868F2C1C7AFFF200BFA68D /* MEIQIA_FBSquareFontView.m */ = {isa = PBXFileReference; fileEncoding = 4; lastKnownFileType = sourcecode.c.objc; path = MEIQIA_FBSquareFontView.m; sourceTree = "<group>"; };
		CC868F2E1C7AFFF200BFA68D /* MEIQIA_HPGrowingTextView.h */ = {isa = PBXFileReference; fileEncoding = 4; lastKnownFileType = sourcecode.c.h; path = MEIQIA_HPGrowingTextView.h; sourceTree = "<group>"; };
		CC868F2F1C7AFFF200BFA68D /* MEIQIA_HPGrowingTextView.m */ = {isa = PBXFileReference; fileEncoding = 4; lastKnownFileType = sourcecode.c.objc; path = MEIQIA_HPGrowingTextView.m; sourceTree = "<group>"; };
		CC868F301C7AFFF200BFA68D /* MEIQIA_HPTextViewInternal.h */ = {isa = PBXFileReference; fileEncoding = 4; lastKnownFileType = sourcecode.c.h; path = MEIQIA_HPTextViewInternal.h; sourceTree = "<group>"; };
		CC868F311C7AFFF200BFA68D /* MEIQIA_HPTextViewInternal.m */ = {isa = PBXFileReference; fileEncoding = 4; lastKnownFileType = sourcecode.c.objc; path = MEIQIA_HPTextViewInternal.m; sourceTree = "<group>"; };
		CC868F331C7AFFF200BFA68D /* MEIQIA_MHFacebookImageViewer.h */ = {isa = PBXFileReference; fileEncoding = 4; lastKnownFileType = sourcecode.c.h; path = MEIQIA_MHFacebookImageViewer.h; sourceTree = "<group>"; };
		CC868F341C7AFFF200BFA68D /* MEIQIA_MHFacebookImageViewer.m */ = {isa = PBXFileReference; fileEncoding = 4; lastKnownFileType = sourcecode.c.objc; path = MEIQIA_MHFacebookImageViewer.m; sourceTree = "<group>"; };
		CC868F351C7AFFF200BFA68D /* UIImageView+MEIQIA_MHFacebookImageViewer.h */ = {isa = PBXFileReference; fileEncoding = 4; lastKnownFileType = sourcecode.c.h; path = "UIImageView+MEIQIA_MHFacebookImageViewer.h"; sourceTree = "<group>"; };
		CC868F361C7AFFF200BFA68D /* UIImageView+MEIQIA_MHFacebookImageViewer.m */ = {isa = PBXFileReference; fileEncoding = 4; lastKnownFileType = sourcecode.c.objc; path = "UIImageView+MEIQIA_MHFacebookImageViewer.m"; sourceTree = "<group>"; };
		CC868F3B1C7AFFF200BFA68D /* interf_dec.h */ = {isa = PBXFileReference; fileEncoding = 4; lastKnownFileType = sourcecode.c.h; path = interf_dec.h; sourceTree = "<group>"; };
		CC868F3C1C7AFFF200BFA68D /* interf_enc.h */ = {isa = PBXFileReference; fileEncoding = 4; lastKnownFileType = sourcecode.c.h; path = interf_enc.h; sourceTree = "<group>"; };
		CC868F3E1C7AFFF200BFA68D /* dec_if.h */ = {isa = PBXFileReference; fileEncoding = 4; lastKnownFileType = sourcecode.c.h; path = dec_if.h; sourceTree = "<group>"; };
		CC868F3F1C7AFFF200BFA68D /* if_rom.h */ = {isa = PBXFileReference; fileEncoding = 4; lastKnownFileType = sourcecode.c.h; path = if_rom.h; sourceTree = "<group>"; };
		CC868F411C7AFFF200BFA68D /* libopencore-amrnb.a */ = {isa = PBXFileReference; lastKnownFileType = archive.ar; path = "libopencore-amrnb.a"; sourceTree = "<group>"; };
		CC868F421C7AFFF200BFA68D /* libopencore-amrwb.a */ = {isa = PBXFileReference; lastKnownFileType = archive.ar; path = "libopencore-amrwb.a"; sourceTree = "<group>"; };
		CC868F441C7AFFF200BFA68D /* MEIQIA_AmrRecordWriter.h */ = {isa = PBXFileReference; fileEncoding = 4; lastKnownFileType = sourcecode.c.h; path = MEIQIA_AmrRecordWriter.h; sourceTree = "<group>"; };
		CC868F451C7AFFF200BFA68D /* MEIQIA_AmrRecordWriter.m */ = {isa = PBXFileReference; fileEncoding = 4; lastKnownFileType = sourcecode.c.objc; path = MEIQIA_AmrRecordWriter.m; sourceTree = "<group>"; };
		CC868F461C7AFFF200BFA68D /* MEIQIA_CafRecordWriter.h */ = {isa = PBXFileReference; fileEncoding = 4; lastKnownFileType = sourcecode.c.h; path = MEIQIA_CafRecordWriter.h; sourceTree = "<group>"; };
		CC868F471C7AFFF200BFA68D /* MEIQIA_CafRecordWriter.m */ = {isa = PBXFileReference; fileEncoding = 4; lastKnownFileType = sourcecode.c.objc; path = MEIQIA_CafRecordWriter.m; sourceTree = "<group>"; };
		CC868F481C7AFFF200BFA68D /* MEIQIA_MLAudioMeterObserver.h */ = {isa = PBXFileReference; fileEncoding = 4; lastKnownFileType = sourcecode.c.h; path = MEIQIA_MLAudioMeterObserver.h; sourceTree = "<group>"; };
		CC868F491C7AFFF200BFA68D /* MEIQIA_MLAudioMeterObserver.m */ = {isa = PBXFileReference; fileEncoding = 4; lastKnownFileType = sourcecode.c.objc; path = MEIQIA_MLAudioMeterObserver.m; sourceTree = "<group>"; };
		CC868F4A1C7AFFF200BFA68D /* MEIQIA_MLAudioRecorder.h */ = {isa = PBXFileReference; fileEncoding = 4; lastKnownFileType = sourcecode.c.h; path = MEIQIA_MLAudioRecorder.h; sourceTree = "<group>"; };
		CC868F4B1C7AFFF200BFA68D /* MEIQIA_MLAudioRecorder.m */ = {isa = PBXFileReference; fileEncoding = 4; lastKnownFileType = sourcecode.c.objc; path = MEIQIA_MLAudioRecorder.m; sourceTree = "<group>"; };
		CC868F4C1C7AFFF200BFA68D /* MQNamespacedDependencies.h */ = {isa = PBXFileReference; fileEncoding = 4; lastKnownFileType = sourcecode.c.h; path = MQNamespacedDependencies.h; sourceTree = "<group>"; };
		CC868F701C7AFFF200BFA68D /* MEIQIA_TTTAttributedLabel.h */ = {isa = PBXFileReference; fileEncoding = 4; lastKnownFileType = sourcecode.c.h; path = MEIQIA_TTTAttributedLabel.h; sourceTree = "<group>"; };
		CC868F711C7AFFF200BFA68D /* MEIQIA_TTTAttributedLabel.m */ = {isa = PBXFileReference; fileEncoding = 4; lastKnownFileType = sourcecode.c.objc; path = MEIQIA_TTTAttributedLabel.m; sourceTree = "<group>"; };
		CC8691381C84486F00BFA68D /* MEIQIA_AMR_Debug.h */ = {isa = PBXFileReference; fileEncoding = 4; lastKnownFileType = sourcecode.c.h; path = MEIQIA_AMR_Debug.h; sourceTree = "<group>"; };
		CCD1450B1C4F41C1007CA0DC /* MQEvaluationView.h */ = {isa = PBXFileReference; fileEncoding = 4; lastKnownFileType = sourcecode.c.h; path = MQEvaluationView.h; sourceTree = "<group>"; };
		CCD1450C1C4F41C1007CA0DC /* MQEvaluationView.m */ = {isa = PBXFileReference; fileEncoding = 4; lastKnownFileType = sourcecode.c.objc; path = MQEvaluationView.m; sourceTree = "<group>"; };
		CCD1450E1C4F41DE007CA0DC /* MQEvaluationCell.h */ = {isa = PBXFileReference; fileEncoding = 4; lastKnownFileType = sourcecode.c.h; path = MQEvaluationCell.h; sourceTree = "<group>"; };
		CCD1450F1C4F41DE007CA0DC /* MQEvaluationCell.m */ = {isa = PBXFileReference; fileEncoding = 4; lastKnownFileType = sourcecode.c.objc; path = MQEvaluationCell.m; sourceTree = "<group>"; };
		CCE209CB1C91451B00A7615A /* libsqlite3.0.tbd */ = {isa = PBXFileReference; lastKnownFileType = "sourcecode.text-based-dylib-definition"; name = libsqlite3.0.tbd; path = usr/lib/libsqlite3.0.tbd; sourceTree = SDKROOT; };
		CCE9D1061C1812F6004E862E /* Meiqia-SDK-Demo.app */ = {isa = PBXFileReference; explicitFileType = wrapper.application; includeInIndex = 0; path = "Meiqia-SDK-Demo.app"; sourceTree = BUILT_PRODUCTS_DIR; };
		CCE9D10A1C1812F6004E862E /* main.m */ = {isa = PBXFileReference; lastKnownFileType = sourcecode.c.objc; path = main.m; sourceTree = "<group>"; };
		CCE9D10C1C1812F6004E862E /* AppDelegate.h */ = {isa = PBXFileReference; lastKnownFileType = sourcecode.c.h; path = AppDelegate.h; sourceTree = "<group>"; };
		CCE9D10D1C1812F6004E862E /* AppDelegate.m */ = {isa = PBXFileReference; lastKnownFileType = sourcecode.c.objc; path = AppDelegate.m; sourceTree = "<group>"; };
		CCE9D10F1C1812F6004E862E /* ViewController.h */ = {isa = PBXFileReference; lastKnownFileType = sourcecode.c.h; path = ViewController.h; sourceTree = "<group>"; };
		CCE9D1101C1812F6004E862E /* ViewController.m */ = {isa = PBXFileReference; lastKnownFileType = sourcecode.c.objc; path = ViewController.m; sourceTree = "<group>"; };
		CCE9D1131C1812F6004E862E /* Base */ = {isa = PBXFileReference; lastKnownFileType = file.storyboard; name = Base; path = Base.lproj/Main.storyboard; sourceTree = "<group>"; };
		CCE9D1151C1812F6004E862E /* Assets.xcassets */ = {isa = PBXFileReference; lastKnownFileType = folder.assetcatalog; path = Assets.xcassets; sourceTree = "<group>"; };
		CCE9D1181C1812F6004E862E /* Base */ = {isa = PBXFileReference; lastKnownFileType = file.storyboard; name = Base; path = Base.lproj/LaunchScreen.storyboard; sourceTree = "<group>"; };
		CCE9D11A1C1812F6004E862E /* Info.plist */ = {isa = PBXFileReference; lastKnownFileType = text.plist.xml; path = Info.plist; sourceTree = "<group>"; };
		CCE9D11F1C1812F6004E862E /* Meiqia-SDK-DemoTests.xctest */ = {isa = PBXFileReference; explicitFileType = wrapper.cfbundle; includeInIndex = 0; path = "Meiqia-SDK-DemoTests.xctest"; sourceTree = BUILT_PRODUCTS_DIR; };
		CCE9D1231C1812F6004E862E /* Meiqia_SDK_DemoTests.m */ = {isa = PBXFileReference; lastKnownFileType = sourcecode.c.objc; path = Meiqia_SDK_DemoTests.m; sourceTree = "<group>"; };
		CCE9D1251C1812F6004E862E /* Info.plist */ = {isa = PBXFileReference; lastKnownFileType = text.plist.xml; path = Info.plist; sourceTree = "<group>"; };
		CCE9D12A1C1812F6004E862E /* Meiqia-SDK-DemoUITests.xctest */ = {isa = PBXFileReference; explicitFileType = wrapper.cfbundle; includeInIndex = 0; path = "Meiqia-SDK-DemoUITests.xctest"; sourceTree = BUILT_PRODUCTS_DIR; };
		CCE9D12E1C1812F6004E862E /* Meiqia_SDK_DemoUITests.m */ = {isa = PBXFileReference; lastKnownFileType = sourcecode.c.objc; path = Meiqia_SDK_DemoUITests.m; sourceTree = "<group>"; };
		CCE9D1301C1812F6004E862E /* Info.plist */ = {isa = PBXFileReference; lastKnownFileType = text.plist.xml; path = Info.plist; sourceTree = "<group>"; };
		CCE9D13D1C18137D004E862E /* libsqlite3.tbd */ = {isa = PBXFileReference; lastKnownFileType = "sourcecode.text-based-dylib-definition"; name = libsqlite3.tbd; path = usr/lib/libsqlite3.tbd; sourceTree = SDKROOT; };
		CCE9D13F1C181385004E862E /* libicucore.tbd */ = {isa = PBXFileReference; lastKnownFileType = "sourcecode.text-based-dylib-definition"; name = libicucore.tbd; path = usr/lib/libicucore.tbd; sourceTree = SDKROOT; };
		CCE9D1411C18138C004E862E /* AVFoundation.framework */ = {isa = PBXFileReference; lastKnownFileType = wrapper.framework; name = AVFoundation.framework; path = System/Library/Frameworks/AVFoundation.framework; sourceTree = SDKROOT; };
		CCE9D1431C181393004E862E /* CoreTelephony.framework */ = {isa = PBXFileReference; lastKnownFileType = wrapper.framework; name = CoreTelephony.framework; path = System/Library/Frameworks/CoreTelephony.framework; sourceTree = SDKROOT; };
		CCE9D1451C181399004E862E /* SystemConfiguration.framework */ = {isa = PBXFileReference; lastKnownFileType = wrapper.framework; name = SystemConfiguration.framework; path = System/Library/Frameworks/SystemConfiguration.framework; sourceTree = SDKROOT; };
		CCE9D1471C18139E004E862E /* MobileCoreServices.framework */ = {isa = PBXFileReference; lastKnownFileType = wrapper.framework; name = MobileCoreServices.framework; path = System/Library/Frameworks/MobileCoreServices.framework; sourceTree = SDKROOT; };
		CCE9D14B1C1813BE004E862E /* DevelopViewController.h */ = {isa = PBXFileReference; fileEncoding = 4; lastKnownFileType = sourcecode.c.h; path = DevelopViewController.h; sourceTree = "<group>"; };
		CCE9D14C1C1813BE004E862E /* DevelopViewController.m */ = {isa = PBXFileReference; fileEncoding = 4; lastKnownFileType = sourcecode.c.objc; path = DevelopViewController.m; sourceTree = "<group>"; };
		E488BF7D1CA2608800753736 /* UIView+Layout.h */ = {isa = PBXFileReference; fileEncoding = 4; lastKnownFileType = sourcecode.c.h; path = "UIView+Layout.h"; sourceTree = "<group>"; };
		E488BF7E1CA2608800753736 /* UIView+Layout.m */ = {isa = PBXFileReference; fileEncoding = 4; lastKnownFileType = sourcecode.c.objc; path = "UIView+Layout.m"; sourceTree = "<group>"; };
		E49C7BBD1C96A8D3003027E8 /* UIViewController+OrientationFix.h */ = {isa = PBXFileReference; fileEncoding = 4; lastKnownFileType = sourcecode.c.h; path = "UIViewController+OrientationFix.h"; sourceTree = "<group>"; };
		E49C7BBE1C96A8D3003027E8 /* UIViewController+OrientationFix.m */ = {isa = PBXFileReference; fileEncoding = 4; lastKnownFileType = sourcecode.c.objc; path = "UIViewController+OrientationFix.m"; sourceTree = "<group>"; };
		E4A533DF1C9F90DD0053BC88 /* MQAnimatorPush.h */ = {isa = PBXFileReference; fileEncoding = 4; lastKnownFileType = sourcecode.c.h; path = MQAnimatorPush.h; sourceTree = "<group>"; };
		E4A533E01C9F90DD0053BC88 /* MQAnimatorPush.m */ = {isa = PBXFileReference; fileEncoding = 4; lastKnownFileType = sourcecode.c.objc; path = MQAnimatorPush.m; sourceTree = "<group>"; };
		E4A533E11C9F90DD0053BC88 /* MQShareTransitioningDelegateImpl.h */ = {isa = PBXFileReference; fileEncoding = 4; lastKnownFileType = sourcecode.c.h; path = MQShareTransitioningDelegateImpl.h; sourceTree = "<group>"; };
		E4A533E21C9F90DD0053BC88 /* MQShareTransitioningDelegateImpl.m */ = {isa = PBXFileReference; fileEncoding = 4; lastKnownFileType = sourcecode.c.objc; path = MQShareTransitioningDelegateImpl.m; sourceTree = "<group>"; };
		E4A533E31C9F90DD0053BC88 /* MQTransitioningAnimation.h */ = {isa = PBXFileReference; fileEncoding = 4; lastKnownFileType = sourcecode.c.h; path = MQTransitioningAnimation.h; sourceTree = "<group>"; };
		E4A533E41C9F90DD0053BC88 /* MQTransitioningAnimation.m */ = {isa = PBXFileReference; fileEncoding = 4; lastKnownFileType = sourcecode.c.objc; path = MQTransitioningAnimation.m; sourceTree = "<group>"; };
		E4A533E81C9FE6670053BC88 /* UIViewController+BackButtonHandler.h */ = {isa = PBXFileReference; fileEncoding = 4; lastKnownFileType = sourcecode.c.h; path = "UIViewController+BackButtonHandler.h"; sourceTree = "<group>"; };
		E4A533E91C9FE6670053BC88 /* UIViewController+BackButtonHandler.m */ = {isa = PBXFileReference; fileEncoding = 4; lastKnownFileType = sourcecode.c.objc; path = "UIViewController+BackButtonHandler.m"; sourceTree = "<group>"; };
/* End PBXFileReference section */

/* Begin PBXFrameworksBuildPhase section */
		CCE9D1031C1812F6004E862E /* Frameworks */ = {
			isa = PBXFrameworksBuildPhase;
			buildActionMask = 2147483647;
			files = (
				CCE209CD1C91452A00A7615A /* libsqlite3.tbd in Frameworks */,
				CCE9D1481C18139E004E862E /* MobileCoreServices.framework in Frameworks */,
				CC868F861C7AFFF200BFA68D /* libopencore-amrnb.a in Frameworks */,
				CCE9D1461C181399004E862E /* SystemConfiguration.framework in Frameworks */,
				CCE9D1441C181393004E862E /* CoreTelephony.framework in Frameworks */,
				CC868F871C7AFFF200BFA68D /* libopencore-amrwb.a in Frameworks */,
				CCE9D1421C18138C004E862E /* AVFoundation.framework in Frameworks */,
				CCE9D1401C181385004E862E /* libicucore.tbd in Frameworks */,
				CC3310E31C33F7FB0088E648 /* MeiQiaSDK.framework in Frameworks */,
			);
			runOnlyForDeploymentPostprocessing = 0;
		};
		CCE9D11C1C1812F6004E862E /* Frameworks */ = {
			isa = PBXFrameworksBuildPhase;
			buildActionMask = 2147483647;
			files = (
			);
			runOnlyForDeploymentPostprocessing = 0;
		};
		CCE9D1271C1812F6004E862E /* Frameworks */ = {
			isa = PBXFrameworksBuildPhase;
			buildActionMask = 2147483647;
			files = (
			);
			runOnlyForDeploymentPostprocessing = 0;
		};
/* End PBXFrameworksBuildPhase section */

/* Begin PBXGroup section */
		CC330FD71C33F7EA0088E648 /* MeiqiaSDKViewInterface */ = {
			isa = PBXGroup;
			children = (
				CC330FD81C33F7EA0088E648 /* MQServiceToViewInterface.h */,
				CC330FD91C33F7EA0088E648 /* MQServiceToViewInterface.m */,
			);
			name = MeiqiaSDKViewInterface;
			path = "../Meiqia-SDK-files/MeiqiaSDKViewInterface";
			sourceTree = "<group>";
		};
		CC330FDA1C33F7EA0088E648 /* MQChatViewController */ = {
			isa = PBXGroup;
			children = (
				E4A533DE1C9F90DD0053BC88 /* Animation */,
				E49C7BBC1C96A8B9003027E8 /* Categories */,
				CC868F1A1C7AFFF200BFA68D /* Vendors */,
				CC330FDB1C33F7EA0088E648 /* Assets */,
				CC330FDD1C33F7EA0088E648 /* Config */,
				CC330FE21C33F7EA0088E648 /* Controllers */,
				CC330FE91C33F7EA0088E648 /* MessageModels */,
				CC330FF41C33F7EA0088E648 /* TableCells */,
				CC3310121C33F7EA0088E648 /* Utils */,
				CC3310851C33F7EA0088E648 /* Views */,
			);
			name = MQChatViewController;
			path = "../Meiqia-SDK-files/MQChatViewController";
			sourceTree = "<group>";
		};
		CC330FDB1C33F7EA0088E648 /* Assets */ = {
			isa = PBXGroup;
			children = (
				CC330FDC1C33F7EA0088E648 /* MQChatViewAsset.bundle */,
			);
			path = Assets;
			sourceTree = "<group>";
		};
		CC330FDD1C33F7EA0088E648 /* Config */ = {
			isa = PBXGroup;
			children = (
				CC330FDE1C33F7EA0088E648 /* MQChatViewConfig.h */,
				CC330FDF1C33F7EA0088E648 /* MQChatViewConfig.m */,
				CC330FE01C33F7EA0088E648 /* MQChatViewManager.h */,
				CC330FE11C33F7EA0088E648 /* MQChatViewManager.m */,
			);
			path = Config;
			sourceTree = "<group>";
		};
		CC330FE21C33F7EA0088E648 /* Controllers */ = {
			isa = PBXGroup;
			children = (
				CC330FE31C33F7EA0088E648 /* MQChatViewController.h */,
				CC330FE41C33F7EA0088E648 /* MQChatViewController.m */,
				CC330FE51C33F7EA0088E648 /* MQChatViewService.h */,
				CC330FE61C33F7EA0088E648 /* MQChatViewService.m */,
				CC330FE71C33F7EA0088E648 /* MQChatViewTableDataSource.h */,
				CC330FE81C33F7EA0088E648 /* MQChatViewTableDataSource.m */,
			);
			path = Controllers;
			sourceTree = "<group>";
		};
		CC330FE91C33F7EA0088E648 /* MessageModels */ = {
			isa = PBXGroup;
			children = (
				CC330FEA1C33F7EA0088E648 /* MQBaseMessage.h */,
				CC330FEB1C33F7EA0088E648 /* MQBaseMessage.m */,
				CC330FEC1C33F7EA0088E648 /* MQEventMessage.h */,
				CC330FED1C33F7EA0088E648 /* MQEventMessage.m */,
				CC330FEE1C33F7EA0088E648 /* MQImageMessage.h */,
				CC330FEF1C33F7EA0088E648 /* MQImageMessage.m */,
				CC330FF01C33F7EA0088E648 /* MQTextMessage.h */,
				CC330FF11C33F7EA0088E648 /* MQTextMessage.m */,
				CC330FF21C33F7EA0088E648 /* MQVoiceMessage.h */,
				CC330FF31C33F7EA0088E648 /* MQVoiceMessage.m */,
			);
			path = MessageModels;
			sourceTree = "<group>";
		};
		CC330FF41C33F7EA0088E648 /* TableCells */ = {
			isa = PBXGroup;
			children = (
				CC330FF51C33F7EA0088E648 /* CellModel */,
				CC3310031C33F7EA0088E648 /* CellView */,
			);
			path = TableCells;
			sourceTree = "<group>";
		};
		CC330FF51C33F7EA0088E648 /* CellModel */ = {
			isa = PBXGroup;
			children = (
				CC68736C1C895EE6000A1E63 /* MQEvaluationResultCellModel.h */,
				CC68736D1C895EE6000A1E63 /* MQEvaluationResultCellModel.m */,
				CC330FF61C33F7EA0088E648 /* MQCellModelProtocol.h */,
				CC330FF71C33F7EA0088E648 /* MQEventCellModel.h */,
				CC330FF81C33F7EA0088E648 /* MQEventCellModel.m */,
				CC330FF91C33F7EA0088E648 /* MQImageCellModel.h */,
				CC330FFA1C33F7EA0088E648 /* MQImageCellModel.m */,
				CC330FFB1C33F7EA0088E648 /* MQMessageDateCellModel.h */,
				CC330FFC1C33F7EA0088E648 /* MQMessageDateCellModel.m */,
				CC330FFD1C33F7EA0088E648 /* MQTextCellModel.h */,
				CC330FFE1C33F7EA0088E648 /* MQTextCellModel.m */,
				CC330FFF1C33F7EA0088E648 /* MQTipsCellModel.h */,
				CC3310001C33F7EA0088E648 /* MQTipsCellModel.m */,
				CC3310011C33F7EA0088E648 /* MQVoiceCellModel.h */,
				CC3310021C33F7EA0088E648 /* MQVoiceCellModel.m */,
			);
			path = CellModel;
			sourceTree = "<group>";
		};
		CC3310031C33F7EA0088E648 /* CellView */ = {
			isa = PBXGroup;
			children = (
				CC68736F1C895EF7000A1E63 /* MQEvaluationResultCell.h */,
				CC6873701C895EF7000A1E63 /* MQEvaluationResultCell.m */,
				CCD1450E1C4F41DE007CA0DC /* MQEvaluationCell.h */,
				CCD1450F1C4F41DE007CA0DC /* MQEvaluationCell.m */,
				CC3310041C33F7EA0088E648 /* MQChatBaseCell.h */,
				CC3310051C33F7EA0088E648 /* MQChatBaseCell.m */,
				CC3310061C33F7EA0088E648 /* MQEventMessageCell.h */,
				CC3310071C33F7EA0088E648 /* MQEventMessageCell.m */,
				CC3310081C33F7EA0088E648 /* MQImageMessageCell.h */,
				CC3310091C33F7EA0088E648 /* MQImageMessageCell.m */,
				CC33100A1C33F7EA0088E648 /* MQMessageDateCell.h */,
				CC33100B1C33F7EA0088E648 /* MQMessageDateCell.m */,
				CC33100C1C33F7EA0088E648 /* MQTextMessageCell.h */,
				CC33100D1C33F7EA0088E648 /* MQTextMessageCell.m */,
				CC33100E1C33F7EA0088E648 /* MQTipsCell.h */,
				CC33100F1C33F7EA0088E648 /* MQTipsCell.m */,
				CC3310101C33F7EA0088E648 /* MQVoiceMessageCell.h */,
				CC3310111C33F7EA0088E648 /* MQVoiceMessageCell.m */,
			);
			path = CellView;
			sourceTree = "<group>";
		};
		CC3310121C33F7EA0088E648 /* Utils */ = {
			isa = PBXGroup;
			children = (
				CC3310131C33F7EA0088E648 /* MQAssetUtil.h */,
				CC3310141C33F7EA0088E648 /* MQAssetUtil.m */,
				CC3310151C33F7EA0088E648 /* MQBundleUtil.h */,
				CC3310161C33F7EA0088E648 /* MQBundleUtil.m */,
				CC3310171C33F7EA0088E648 /* MQChatAudioPlayer.h */,
				CC3310181C33F7EA0088E648 /* MQChatAudioPlayer.m */,
				CC3310191C33F7EA0088E648 /* MQChatAudioRecorder.h */,
				CC33101A1C33F7EA0088E648 /* MQChatAudioRecorder.m */,
				CC33101B1C33F7EA0088E648 /* MQChatDeviceUtil.h */,
				CC33101C1C33F7EA0088E648 /* MQChatDeviceUtil.m */,
				CC33101D1C33F7EA0088E648 /* MQChatEmojize.h */,
				CC33101E1C33F7EA0088E648 /* MQChatEmojize.m */,
				CC33101F1C33F7EA0088E648 /* MQChatFileUtil.h */,
				CC3310201C33F7EA0088E648 /* MQChatFileUtil.m */,
				CC3310211C33F7EA0088E648 /* MQChatRegexUtil.h */,
				CC3310221C33F7EA0088E648 /* MQChatRegexUtil.m */,
				CC3310231C33F7EA0088E648 /* MQDateFormatterUtil.h */,
				CC3310241C33F7EA0088E648 /* MQDateFormatterUtil.m */,
				CC3310251C33F7EA0088E648 /* MQImageUtil.h */,
				CC3310261C33F7EA0088E648 /* MQImageUtil.m */,
				CC3310271C33F7EA0088E648 /* MQStringSizeUtil.h */,
				CC3310281C33F7EA0088E648 /* MQStringSizeUtil.m */,
			);
			path = Utils;
			sourceTree = "<group>";
		};
		CC3310851C33F7EA0088E648 /* Views */ = {
			isa = PBXGroup;
			children = (
				CC3310861C33F7EA0088E648 /* MQChatTableView.h */,
				CC3310871C33F7EA0088E648 /* MQChatTableView.m */,
				CCD1450A1C4F41C1007CA0DC /* MQEvaluationView */,
				CC3310881C33F7EA0088E648 /* MQInputBar */,
				CC33108B1C33F7EA0088E648 /* MQPullRefreshView */,
				CC33108E1C33F7EA0088E648 /* MQRecordView */,
				CC3310911C33F7EA0088E648 /* MQToast */,
			);
			path = Views;
			sourceTree = "<group>";
		};
		CC3310881C33F7EA0088E648 /* MQInputBar */ = {
			isa = PBXGroup;
			children = (
				CC3310891C33F7EA0088E648 /* MQInputBar.h */,
				CC33108A1C33F7EA0088E648 /* MQInputBar.m */,
			);
			path = MQInputBar;
			sourceTree = "<group>";
		};
		CC33108B1C33F7EA0088E648 /* MQPullRefreshView */ = {
			isa = PBXGroup;
			children = (
				CC33108C1C33F7EA0088E648 /* MQPullRefreshView.h */,
				CC33108D1C33F7EA0088E648 /* MQPullRefreshView.m */,
			);
			path = MQPullRefreshView;
			sourceTree = "<group>";
		};
		CC33108E1C33F7EA0088E648 /* MQRecordView */ = {
			isa = PBXGroup;
			children = (
				CC33108F1C33F7EA0088E648 /* MQRecordView.h */,
				CC3310901C33F7EA0088E648 /* MQRecordView.m */,
			);
			path = MQRecordView;
			sourceTree = "<group>";
		};
		CC3310911C33F7EA0088E648 /* MQToast */ = {
			isa = PBXGroup;
			children = (
				CC3310921C33F7EA0088E648 /* MQToast.h */,
				CC3310931C33F7EA0088E648 /* MQToast.m */,
			);
			path = MQToast;
			sourceTree = "<group>";
		};
		CC6873611C895E70000A1E63 /* VoiceConvert */ = {
			isa = PBXGroup;
			children = (
				CC6873621C895E70000A1E63 /* amrwapper */,
				CC6873671C895E70000A1E63 /* VoiceConverter.h */,
				CC6873681C895E70000A1E63 /* VoiceConverter.mm */,
			);
			path = VoiceConvert;
			sourceTree = "<group>";
		};
		CC6873621C895E70000A1E63 /* amrwapper */ = {
			isa = PBXGroup;
			children = (
				CC6873631C895E70000A1E63 /* amrFileCodec.h */,
				CC6873641C895E70000A1E63 /* amrFileCodec.mm */,
				CC6873651C895E70000A1E63 /* wav.h */,
				CC6873661C895E70000A1E63 /* wav.mm */,
			);
			path = amrwapper;
			sourceTree = "<group>";
		};
		CC868F1A1C7AFFF200BFA68D /* Vendors */ = {
			isa = PBXGroup;
			children = (
				CC6873611C895E70000A1E63 /* VoiceConvert */,
				CC868F1B1C7AFFF200BFA68D /* CustomIOSAlertView */,
				CC868F1E1C7AFFF200BFA68D /* FBDigitalFont */,
				CC868F2D1C7AFFF200BFA68D /* HPTextView */,
				CC868F321C7AFFF200BFA68D /* MHFacebookImageViewer */,
				CC868F371C7AFFF200BFA68D /* MLAudioRecorder */,
				CC868F4C1C7AFFF200BFA68D /* MQNamespacedDependencies.h */,
				CC868F6F1C7AFFF200BFA68D /* TTTAttributedLabel */,
			);
			path = Vendors;
			sourceTree = "<group>";
		};
		CC868F1B1C7AFFF200BFA68D /* CustomIOSAlertView */ = {
			isa = PBXGroup;
			children = (
				CC868F1C1C7AFFF200BFA68D /* MEIQIA_CustomIOSAlertView.h */,
				CC868F1D1C7AFFF200BFA68D /* MEIQIA_CustomIOSAlertView.m */,
			);
			path = CustomIOSAlertView;
			sourceTree = "<group>";
		};
		CC868F1E1C7AFFF200BFA68D /* FBDigitalFont */ = {
			isa = PBXGroup;
			children = (
				CC868F1F1C7AFFF200BFA68D /* MEIQIA_FBBitmapFont.h */,
				CC868F201C7AFFF200BFA68D /* MEIQIA_FBBitmapFont.m */,
				CC868F211C7AFFF200BFA68D /* MEIQIA_FBBitmapFontView.h */,
				CC868F221C7AFFF200BFA68D /* MEIQIA_FBBitmapFontView.m */,
				CC868F231C7AFFF200BFA68D /* MEIQIA_FBFontSymbol.h */,
				CC868F241C7AFFF200BFA68D /* MEIQIA_FBFontSymbol.m */,
				CC868F251C7AFFF200BFA68D /* MEIQIA_FBLCDFont.h */,
				CC868F261C7AFFF200BFA68D /* MEIQIA_FBLCDFont.m */,
				CC868F271C7AFFF200BFA68D /* MEIQIA_FBLCDFontView.h */,
				CC868F281C7AFFF200BFA68D /* MEIQIA_FBLCDFontView.m */,
				CC868F291C7AFFF200BFA68D /* MEIQIA_FBSquareFont.h */,
				CC868F2A1C7AFFF200BFA68D /* MEIQIA_FBSquareFont.m */,
				CC868F2B1C7AFFF200BFA68D /* MEIQIA_FBSquareFontView.h */,
				CC868F2C1C7AFFF200BFA68D /* MEIQIA_FBSquareFontView.m */,
			);
			path = FBDigitalFont;
			sourceTree = "<group>";
		};
		CC868F2D1C7AFFF200BFA68D /* HPTextView */ = {
			isa = PBXGroup;
			children = (
				CC868F2E1C7AFFF200BFA68D /* MEIQIA_HPGrowingTextView.h */,
				CC868F2F1C7AFFF200BFA68D /* MEIQIA_HPGrowingTextView.m */,
				CC868F301C7AFFF200BFA68D /* MEIQIA_HPTextViewInternal.h */,
				CC868F311C7AFFF200BFA68D /* MEIQIA_HPTextViewInternal.m */,
			);
			path = HPTextView;
			sourceTree = "<group>";
		};
		CC868F321C7AFFF200BFA68D /* MHFacebookImageViewer */ = {
			isa = PBXGroup;
			children = (
				CC868F331C7AFFF200BFA68D /* MEIQIA_MHFacebookImageViewer.h */,
				CC868F341C7AFFF200BFA68D /* MEIQIA_MHFacebookImageViewer.m */,
				CC868F351C7AFFF200BFA68D /* UIImageView+MEIQIA_MHFacebookImageViewer.h */,
				CC868F361C7AFFF200BFA68D /* UIImageView+MEIQIA_MHFacebookImageViewer.m */,
			);
			path = MHFacebookImageViewer;
			sourceTree = "<group>";
		};
		CC868F371C7AFFF200BFA68D /* MLAudioRecorder */ = {
			isa = PBXGroup;
			children = (
				CC8691381C84486F00BFA68D /* MEIQIA_AMR_Debug.h */,
				CC868F381C7AFFF200BFA68D /* amr_en_de */,
				CC868F441C7AFFF200BFA68D /* MEIQIA_AmrRecordWriter.h */,
				CC868F451C7AFFF200BFA68D /* MEIQIA_AmrRecordWriter.m */,
				CC868F461C7AFFF200BFA68D /* MEIQIA_CafRecordWriter.h */,
				CC868F471C7AFFF200BFA68D /* MEIQIA_CafRecordWriter.m */,
				CC868F481C7AFFF200BFA68D /* MEIQIA_MLAudioMeterObserver.h */,
				CC868F491C7AFFF200BFA68D /* MEIQIA_MLAudioMeterObserver.m */,
				CC868F4A1C7AFFF200BFA68D /* MEIQIA_MLAudioRecorder.h */,
				CC868F4B1C7AFFF200BFA68D /* MEIQIA_MLAudioRecorder.m */,
			);
			path = MLAudioRecorder;
			sourceTree = "<group>";
		};
		CC868F381C7AFFF200BFA68D /* amr_en_de */ = {
			isa = PBXGroup;
			children = (
				CC868F391C7AFFF200BFA68D /* include */,
				CC868F401C7AFFF200BFA68D /* lib */,
			);
			path = amr_en_de;
			sourceTree = "<group>";
		};
		CC868F391C7AFFF200BFA68D /* include */ = {
			isa = PBXGroup;
			children = (
				CC868F3A1C7AFFF200BFA68D /* opencore-amrnb */,
				CC868F3D1C7AFFF200BFA68D /* opencore-amrwb */,
			);
			path = include;
			sourceTree = "<group>";
		};
		CC868F3A1C7AFFF200BFA68D /* opencore-amrnb */ = {
			isa = PBXGroup;
			children = (
				CC868F3B1C7AFFF200BFA68D /* interf_dec.h */,
				CC868F3C1C7AFFF200BFA68D /* interf_enc.h */,
			);
			path = "opencore-amrnb";
			sourceTree = "<group>";
		};
		CC868F3D1C7AFFF200BFA68D /* opencore-amrwb */ = {
			isa = PBXGroup;
			children = (
				CC868F3E1C7AFFF200BFA68D /* dec_if.h */,
				CC868F3F1C7AFFF200BFA68D /* if_rom.h */,
			);
			path = "opencore-amrwb";
			sourceTree = "<group>";
		};
		CC868F401C7AFFF200BFA68D /* lib */ = {
			isa = PBXGroup;
			children = (
				CC868F411C7AFFF200BFA68D /* libopencore-amrnb.a */,
				CC868F421C7AFFF200BFA68D /* libopencore-amrwb.a */,
			);
			path = lib;
			sourceTree = "<group>";
		};
		CC868F6F1C7AFFF200BFA68D /* TTTAttributedLabel */ = {
			isa = PBXGroup;
			children = (
				CC868F701C7AFFF200BFA68D /* MEIQIA_TTTAttributedLabel.h */,
				CC868F711C7AFFF200BFA68D /* MEIQIA_TTTAttributedLabel.m */,
			);
			path = TTTAttributedLabel;
			sourceTree = "<group>";
		};
		CCD1450A1C4F41C1007CA0DC /* MQEvaluationView */ = {
			isa = PBXGroup;
			children = (
				CCD1450B1C4F41C1007CA0DC /* MQEvaluationView.h */,
				CCD1450C1C4F41C1007CA0DC /* MQEvaluationView.m */,
			);
			path = MQEvaluationView;
			sourceTree = "<group>";
		};
		CCE9D0FD1C1812F6004E862E = {
			isa = PBXGroup;
			children = (
				CC330FD71C33F7EA0088E648 /* MeiqiaSDKViewInterface */,
				CC330FDA1C33F7EA0088E648 /* MQChatViewController */,
				CCE9D13C1C181368004E862E /* Frameworks */,
				CCE9D1081C1812F6004E862E /* Meiqia-SDK-Demo */,
				CCE9D1221C1812F6004E862E /* Meiqia-SDK-DemoTests */,
				CCE9D12D1C1812F6004E862E /* Meiqia-SDK-DemoUITests */,
				CCE9D1071C1812F6004E862E /* Products */,
			);
			sourceTree = "<group>";
		};
		CCE9D1071C1812F6004E862E /* Products */ = {
			isa = PBXGroup;
			children = (
				CCE9D1061C1812F6004E862E /* Meiqia-SDK-Demo.app */,
				CCE9D11F1C1812F6004E862E /* Meiqia-SDK-DemoTests.xctest */,
				CCE9D12A1C1812F6004E862E /* Meiqia-SDK-DemoUITests.xctest */,
			);
			name = Products;
			sourceTree = "<group>";
		};
		CCE9D1081C1812F6004E862E /* Meiqia-SDK-Demo */ = {
			isa = PBXGroup;
			children = (
				CC330EC81C317E2D0088E648 /* ijinmaoAvatar.png */,
				CCE9D14B1C1813BE004E862E /* DevelopViewController.h */,
				CCE9D14C1C1813BE004E862E /* DevelopViewController.m */,
				CCE9D10C1C1812F6004E862E /* AppDelegate.h */,
				CCE9D10D1C1812F6004E862E /* AppDelegate.m */,
				CCE9D10F1C1812F6004E862E /* ViewController.h */,
				CCE9D1101C1812F6004E862E /* ViewController.m */,
				CCE9D1121C1812F6004E862E /* Main.storyboard */,
				CCE9D1151C1812F6004E862E /* Assets.xcassets */,
				CCE9D1171C1812F6004E862E /* LaunchScreen.storyboard */,
				CCE9D11A1C1812F6004E862E /* Info.plist */,
				CCE9D1091C1812F6004E862E /* Supporting Files */,
			);
			path = "Meiqia-SDK-Demo";
			sourceTree = "<group>";
		};
		CCE9D1091C1812F6004E862E /* Supporting Files */ = {
			isa = PBXGroup;
			children = (
				CCE9D10A1C1812F6004E862E /* main.m */,
			);
			name = "Supporting Files";
			sourceTree = "<group>";
		};
		CCE9D1221C1812F6004E862E /* Meiqia-SDK-DemoTests */ = {
			isa = PBXGroup;
			children = (
				CCE9D1231C1812F6004E862E /* Meiqia_SDK_DemoTests.m */,
				CCE9D1251C1812F6004E862E /* Info.plist */,
			);
			path = "Meiqia-SDK-DemoTests";
			sourceTree = "<group>";
		};
		CCE9D12D1C1812F6004E862E /* Meiqia-SDK-DemoUITests */ = {
			isa = PBXGroup;
			children = (
				CCE9D12E1C1812F6004E862E /* Meiqia_SDK_DemoUITests.m */,
				CCE9D1301C1812F6004E862E /* Info.plist */,
			);
			path = "Meiqia-SDK-DemoUITests";
			sourceTree = "<group>";
		};
		CCE9D13C1C181368004E862E /* Frameworks */ = {
			isa = PBXGroup;
			children = (
				CCE209CB1C91451B00A7615A /* libsqlite3.0.tbd */,
				CC3310E21C33F7FB0088E648 /* MeiQiaSDK.framework */,
				CCE9D1471C18139E004E862E /* MobileCoreServices.framework */,
				CCE9D1451C181399004E862E /* SystemConfiguration.framework */,
				CCE9D1431C181393004E862E /* CoreTelephony.framework */,
				CCE9D1411C18138C004E862E /* AVFoundation.framework */,
				CCE9D13F1C181385004E862E /* libicucore.tbd */,
				CCE9D13D1C18137D004E862E /* libsqlite3.tbd */,
			);
			name = Frameworks;
			sourceTree = "<group>";
		};
		E49C7BBC1C96A8B9003027E8 /* Categories */ = {
			isa = PBXGroup;
			children = (
				E49C7BBD1C96A8D3003027E8 /* UIViewController+OrientationFix.h */,
				E49C7BBE1C96A8D3003027E8 /* UIViewController+OrientationFix.m */,
				E4A533E81C9FE6670053BC88 /* UIViewController+BackButtonHandler.h */,
				E4A533E91C9FE6670053BC88 /* UIViewController+BackButtonHandler.m */,
				E488BF7D1CA2608800753736 /* UIView+Layout.h */,
				E488BF7E1CA2608800753736 /* UIView+Layout.m */,
			);
			path = Categories;
			sourceTree = "<group>";
		};
		E4A533DE1C9F90DD0053BC88 /* Animation */ = {
			isa = PBXGroup;
			children = (
				E4A533DF1C9F90DD0053BC88 /* MQAnimatorPush.h */,
				E4A533E01C9F90DD0053BC88 /* MQAnimatorPush.m */,
				E4A533E11C9F90DD0053BC88 /* MQShareTransitioningDelegateImpl.h */,
				E4A533E21C9F90DD0053BC88 /* MQShareTransitioningDelegateImpl.m */,
				E4A533E31C9F90DD0053BC88 /* MQTransitioningAnimation.h */,
				E4A533E41C9F90DD0053BC88 /* MQTransitioningAnimation.m */,
			);
			path = Animation;
			sourceTree = "<group>";
		};
/* End PBXGroup section */

/* Begin PBXNativeTarget section */
		CCE9D1051C1812F6004E862E /* Meiqia-SDK-Demo */ = {
			isa = PBXNativeTarget;
			buildConfigurationList = CCE9D1331C1812F6004E862E /* Build configuration list for PBXNativeTarget "Meiqia-SDK-Demo" */;
			buildPhases = (
				CCE9D1021C1812F6004E862E /* Sources */,
				CCE9D1031C1812F6004E862E /* Frameworks */,
				CCE9D1041C1812F6004E862E /* Resources */,
			);
			buildRules = (
			);
			dependencies = (
			);
			name = "Meiqia-SDK-Demo";
			productName = "Meiqia-SDK-Demo";
			productReference = CCE9D1061C1812F6004E862E /* Meiqia-SDK-Demo.app */;
			productType = "com.apple.product-type.application";
		};
		CCE9D11E1C1812F6004E862E /* Meiqia-SDK-DemoTests */ = {
			isa = PBXNativeTarget;
			buildConfigurationList = CCE9D1361C1812F6004E862E /* Build configuration list for PBXNativeTarget "Meiqia-SDK-DemoTests" */;
			buildPhases = (
				CCE9D11B1C1812F6004E862E /* Sources */,
				CCE9D11C1C1812F6004E862E /* Frameworks */,
				CCE9D11D1C1812F6004E862E /* Resources */,
			);
			buildRules = (
			);
			dependencies = (
				CCE9D1211C1812F6004E862E /* PBXTargetDependency */,
			);
			name = "Meiqia-SDK-DemoTests";
			productName = "Meiqia-SDK-DemoTests";
			productReference = CCE9D11F1C1812F6004E862E /* Meiqia-SDK-DemoTests.xctest */;
			productType = "com.apple.product-type.bundle.unit-test";
		};
		CCE9D1291C1812F6004E862E /* Meiqia-SDK-DemoUITests */ = {
			isa = PBXNativeTarget;
			buildConfigurationList = CCE9D1391C1812F6004E862E /* Build configuration list for PBXNativeTarget "Meiqia-SDK-DemoUITests" */;
			buildPhases = (
				CCE9D1261C1812F6004E862E /* Sources */,
				CCE9D1271C1812F6004E862E /* Frameworks */,
				CCE9D1281C1812F6004E862E /* Resources */,
			);
			buildRules = (
			);
			dependencies = (
				CCE9D12C1C1812F6004E862E /* PBXTargetDependency */,
			);
			name = "Meiqia-SDK-DemoUITests";
			productName = "Meiqia-SDK-DemoUITests";
			productReference = CCE9D12A1C1812F6004E862E /* Meiqia-SDK-DemoUITests.xctest */;
			productType = "com.apple.product-type.bundle.ui-testing";
		};
/* End PBXNativeTarget section */

/* Begin PBXProject section */
		CCE9D0FE1C1812F6004E862E /* Project object */ = {
			isa = PBXProject;
			attributes = {
				LastUpgradeCheck = 0710;
				ORGANIZATIONNAME = ijinmao;
				TargetAttributes = {
					CCE9D1051C1812F6004E862E = {
						CreatedOnToolsVersion = 7.1;
						DevelopmentTeam = T9YSHM8D7E;
					};
					CCE9D11E1C1812F6004E862E = {
						CreatedOnToolsVersion = 7.1;
						TestTargetID = CCE9D1051C1812F6004E862E;
					};
					CCE9D1291C1812F6004E862E = {
						CreatedOnToolsVersion = 7.1;
						TestTargetID = CCE9D1051C1812F6004E862E;
					};
				};
			};
			buildConfigurationList = CCE9D1011C1812F6004E862E /* Build configuration list for PBXProject "Meiqia-SDK-Demo" */;
			compatibilityVersion = "Xcode 3.2";
			developmentRegion = English;
			hasScannedForEncodings = 0;
			knownRegions = (
				en,
				Base,
			);
			mainGroup = CCE9D0FD1C1812F6004E862E;
			productRefGroup = CCE9D1071C1812F6004E862E /* Products */;
			projectDirPath = "";
			projectRoot = "";
			targets = (
				CCE9D1051C1812F6004E862E /* Meiqia-SDK-Demo */,
				CCE9D11E1C1812F6004E862E /* Meiqia-SDK-DemoTests */,
				CCE9D1291C1812F6004E862E /* Meiqia-SDK-DemoUITests */,
			);
		};
/* End PBXProject section */

/* Begin PBXResourcesBuildPhase section */
		CCE9D1041C1812F6004E862E /* Resources */ = {
			isa = PBXResourcesBuildPhase;
			buildActionMask = 2147483647;
			files = (
				CCE9D1191C1812F6004E862E /* LaunchScreen.storyboard in Resources */,
				CCE9D1161C1812F6004E862E /* Assets.xcassets in Resources */,
				CC3310951C33F7EA0088E648 /* MQChatViewAsset.bundle in Resources */,
				CC330EC91C317E2D0088E648 /* ijinmaoAvatar.png in Resources */,
				CCE9D1141C1812F6004E862E /* Main.storyboard in Resources */,
			);
			runOnlyForDeploymentPostprocessing = 0;
		};
		CCE9D11D1C1812F6004E862E /* Resources */ = {
			isa = PBXResourcesBuildPhase;
			buildActionMask = 2147483647;
			files = (
			);
			runOnlyForDeploymentPostprocessing = 0;
		};
		CCE9D1281C1812F6004E862E /* Resources */ = {
			isa = PBXResourcesBuildPhase;
			buildActionMask = 2147483647;
			files = (
			);
			runOnlyForDeploymentPostprocessing = 0;
		};
/* End PBXResourcesBuildPhase section */

/* Begin PBXSourcesBuildPhase section */
		CCE9D1021C1812F6004E862E /* Sources */ = {
			isa = PBXSourcesBuildPhase;
			buildActionMask = 2147483647;
			files = (
				CC68736A1C895E70000A1E63 /* wav.mm in Sources */,
				CC3310B71C33F7EA0088E648 /* MQStringSizeUtil.m in Sources */,
				CC868F841C7AFFF200BFA68D /* MEIQIA_MHFacebookImageViewer.m in Sources */,
				E4A533E61C9F90DD0053BC88 /* MQShareTransitioningDelegateImpl.m in Sources */,
				CC868F7E1C7AFFF200BFA68D /* MEIQIA_FBLCDFont.m in Sources */,
				CCE9D14D1C1813BE004E862E /* DevelopViewController.m in Sources */,
				CC3310DE1C33F7EA0088E648 /* MQInputBar.m in Sources */,
				CCE9D1111C1812F6004E862E /* ViewController.m in Sources */,
				CC3310A31C33F7EA0088E648 /* MQTextCellModel.m in Sources */,
				CC3310961C33F7EA0088E648 /* MQChatViewConfig.m in Sources */,
				CC3310AD1C33F7EA0088E648 /* MQAssetUtil.m in Sources */,
				CC3310AC1C33F7EA0088E648 /* MQVoiceMessageCell.m in Sources */,
				E488BF7F1CA2608800753736 /* UIView+Layout.m in Sources */,
				CC33109D1C33F7EA0088E648 /* MQImageMessage.m in Sources */,
				CCD1450D1C4F41C1007CA0DC /* MQEvaluationView.m in Sources */,
				CC3310A81C33F7EA0088E648 /* MQImageMessageCell.m in Sources */,
				CC33109E1C33F7EA0088E648 /* MQTextMessage.m in Sources */,
				CC68736B1C895E70000A1E63 /* VoiceConverter.mm in Sources */,
				CC3310971C33F7EA0088E648 /* MQChatViewManager.m in Sources */,
				CC3310A91C33F7EA0088E648 /* MQMessageDateCell.m in Sources */,
				CC33109A1C33F7EA0088E648 /* MQChatViewTableDataSource.m in Sources */,
				CC868F881C7AFFF200BFA68D /* MEIQIA_AmrRecordWriter.m in Sources */,
				CC868F9C1C7AFFF200BFA68D /* MEIQIA_TTTAttributedLabel.m in Sources */,
				CC3310E11C33F7EA0088E648 /* MQToast.m in Sources */,
				CC3310DD1C33F7EA0088E648 /* MQChatTableView.m in Sources */,
				CCE9D10E1C1812F6004E862E /* AppDelegate.m in Sources */,
				CC3310AF1C33F7EA0088E648 /* MQChatAudioPlayer.m in Sources */,
				CC868F891C7AFFF200BFA68D /* MEIQIA_CafRecordWriter.m in Sources */,
				CC3310E01C33F7EA0088E648 /* MQRecordView.m in Sources */,
				E4A533E71C9F90DD0053BC88 /* MQTransitioningAnimation.m in Sources */,
				CC868F7A1C7AFFF200BFA68D /* MEIQIA_CustomIOSAlertView.m in Sources */,
				CC3310991C33F7EA0088E648 /* MQChatViewService.m in Sources */,
				CCE9D10B1C1812F6004E862E /* main.m in Sources */,
				CC3310B51C33F7EA0088E648 /* MQDateFormatterUtil.m in Sources */,
				CC68736E1C895EE6000A1E63 /* MQEvaluationResultCellModel.m in Sources */,
				CC868F7C1C7AFFF200BFA68D /* MEIQIA_FBBitmapFontView.m in Sources */,
				CC3310A51C33F7EA0088E648 /* MQVoiceCellModel.m in Sources */,
				CC3310A41C33F7EA0088E648 /* MQTipsCellModel.m in Sources */,
				CC33109C1C33F7EA0088E648 /* MQEventMessage.m in Sources */,
				CC33109B1C33F7EA0088E648 /* MQBaseMessage.m in Sources */,
				CC3310B31C33F7EA0088E648 /* MQChatFileUtil.m in Sources */,
				CC3310AE1C33F7EA0088E648 /* MQBundleUtil.m in Sources */,
				E49C7BBF1C96A8D3003027E8 /* UIViewController+OrientationFix.m in Sources */,
				CC3310B21C33F7EA0088E648 /* MQChatEmojize.m in Sources */,
				CC3310981C33F7EA0088E648 /* MQChatViewController.m in Sources */,
				CCD145101C4F41DE007CA0DC /* MQEvaluationCell.m in Sources */,
				E4A533EA1C9FE6670053BC88 /* UIViewController+BackButtonHandler.m in Sources */,
				CC868F7B1C7AFFF200BFA68D /* MEIQIA_FBBitmapFont.m in Sources */,
				CC868F801C7AFFF200BFA68D /* MEIQIA_FBSquareFont.m in Sources */,
				CC6873711C895EF7000A1E63 /* MQEvaluationResultCell.m in Sources */,
				CC3310DF1C33F7EA0088E648 /* MQPullRefreshView.m in Sources */,
				CC3310B61C33F7EA0088E648 /* MQImageUtil.m in Sources */,
				CC3310B01C33F7EA0088E648 /* MQChatAudioRecorder.m in Sources */,
				CC868F851C7AFFF200BFA68D /* UIImageView+MEIQIA_MHFacebookImageViewer.m in Sources */,
				CC868F821C7AFFF200BFA68D /* MEIQIA_HPGrowingTextView.m in Sources */,
				CC3310AA1C33F7EA0088E648 /* MQTextMessageCell.m in Sources */,
				CC3310941C33F7EA0088E648 /* MQServiceToViewInterface.m in Sources */,
				CC3310B41C33F7EA0088E648 /* MQChatRegexUtil.m in Sources */,
				CC3310AB1C33F7EA0088E648 /* MQTipsCell.m in Sources */,
				CC868F8B1C7AFFF200BFA68D /* MEIQIA_MLAudioRecorder.m in Sources */,
				CC868F8A1C7AFFF200BFA68D /* MEIQIA_MLAudioMeterObserver.m in Sources */,
				CC868F7F1C7AFFF200BFA68D /* MEIQIA_FBLCDFontView.m in Sources */,
				E4A533E51C9F90DD0053BC88 /* MQAnimatorPush.m in Sources */,
				CC6873691C895E70000A1E63 /* amrFileCodec.mm in Sources */,
				CC3310B11C33F7EA0088E648 /* MQChatDeviceUtil.m in Sources */,
				CC868F811C7AFFF200BFA68D /* MEIQIA_FBSquareFontView.m in Sources */,
				CC868F831C7AFFF200BFA68D /* MEIQIA_HPTextViewInternal.m in Sources */,
				CC3310A71C33F7EA0088E648 /* MQEventMessageCell.m in Sources */,
				CC868F7D1C7AFFF200BFA68D /* MEIQIA_FBFontSymbol.m in Sources */,
				CC3310A11C33F7EA0088E648 /* MQImageCellModel.m in Sources */,
				CC3310A21C33F7EA0088E648 /* MQMessageDateCellModel.m in Sources */,
				CC3310A01C33F7EA0088E648 /* MQEventCellModel.m in Sources */,
				CC3310A61C33F7EA0088E648 /* MQChatBaseCell.m in Sources */,
				CC33109F1C33F7EA0088E648 /* MQVoiceMessage.m in Sources */,
			);
			runOnlyForDeploymentPostprocessing = 0;
		};
		CCE9D11B1C1812F6004E862E /* Sources */ = {
			isa = PBXSourcesBuildPhase;
			buildActionMask = 2147483647;
			files = (
				CCE9D1241C1812F6004E862E /* Meiqia_SDK_DemoTests.m in Sources */,
			);
			runOnlyForDeploymentPostprocessing = 0;
		};
		CCE9D1261C1812F6004E862E /* Sources */ = {
			isa = PBXSourcesBuildPhase;
			buildActionMask = 2147483647;
			files = (
				CCE9D12F1C1812F6004E862E /* Meiqia_SDK_DemoUITests.m in Sources */,
			);
			runOnlyForDeploymentPostprocessing = 0;
		};
/* End PBXSourcesBuildPhase section */

/* Begin PBXTargetDependency section */
		CCE9D1211C1812F6004E862E /* PBXTargetDependency */ = {
			isa = PBXTargetDependency;
			target = CCE9D1051C1812F6004E862E /* Meiqia-SDK-Demo */;
			targetProxy = CCE9D1201C1812F6004E862E /* PBXContainerItemProxy */;
		};
		CCE9D12C1C1812F6004E862E /* PBXTargetDependency */ = {
			isa = PBXTargetDependency;
			target = CCE9D1051C1812F6004E862E /* Meiqia-SDK-Demo */;
			targetProxy = CCE9D12B1C1812F6004E862E /* PBXContainerItemProxy */;
		};
/* End PBXTargetDependency section */

/* Begin PBXVariantGroup section */
		CCE9D1121C1812F6004E862E /* Main.storyboard */ = {
			isa = PBXVariantGroup;
			children = (
				CCE9D1131C1812F6004E862E /* Base */,
			);
			name = Main.storyboard;
			sourceTree = "<group>";
		};
		CCE9D1171C1812F6004E862E /* LaunchScreen.storyboard */ = {
			isa = PBXVariantGroup;
			children = (
				CCE9D1181C1812F6004E862E /* Base */,
			);
			name = LaunchScreen.storyboard;
			sourceTree = "<group>";
		};
/* End PBXVariantGroup section */

/* Begin XCBuildConfiguration section */
		CCE9D1311C1812F6004E862E /* Debug */ = {
			isa = XCBuildConfiguration;
			buildSettings = {
				ALWAYS_SEARCH_USER_PATHS = NO;
				CLANG_CXX_LANGUAGE_STANDARD = "gnu++0x";
				CLANG_CXX_LIBRARY = "libc++";
				CLANG_ENABLE_MODULES = YES;
				CLANG_ENABLE_OBJC_ARC = YES;
				CLANG_WARN_BOOL_CONVERSION = YES;
				CLANG_WARN_CONSTANT_CONVERSION = YES;
				CLANG_WARN_DIRECT_OBJC_ISA_USAGE = YES_ERROR;
				CLANG_WARN_EMPTY_BODY = YES;
				CLANG_WARN_ENUM_CONVERSION = YES;
				CLANG_WARN_INT_CONVERSION = YES;
				CLANG_WARN_OBJC_ROOT_CLASS = YES_ERROR;
				CLANG_WARN_UNREACHABLE_CODE = YES;
				CLANG_WARN__DUPLICATE_METHOD_MATCH = YES;
				"CODE_SIGN_IDENTITY[sdk=iphoneos*]" = "iPhone Developer";
				COPY_PHASE_STRIP = NO;
				DEBUG_INFORMATION_FORMAT = dwarf;
				ENABLE_STRICT_OBJC_MSGSEND = YES;
				ENABLE_TESTABILITY = YES;
				GCC_C_LANGUAGE_STANDARD = gnu99;
				GCC_DYNAMIC_NO_PIC = NO;
				GCC_NO_COMMON_BLOCKS = YES;
				GCC_OPTIMIZATION_LEVEL = 0;
				GCC_PREPROCESSOR_DEFINITIONS = (
					"DEBUG=1",
					"$(inherited)",
				);
				GCC_WARN_64_TO_32_BIT_CONVERSION = YES;
				GCC_WARN_ABOUT_RETURN_TYPE = YES_ERROR;
				GCC_WARN_UNDECLARED_SELECTOR = YES;
				GCC_WARN_UNINITIALIZED_AUTOS = YES_AGGRESSIVE;
				GCC_WARN_UNUSED_FUNCTION = YES;
				GCC_WARN_UNUSED_VARIABLE = YES;
				IPHONEOS_DEPLOYMENT_TARGET = 7.0;
				MTL_ENABLE_DEBUG_INFO = YES;
				ONLY_ACTIVE_ARCH = YES;
				SDKROOT = iphoneos;
				TARGETED_DEVICE_FAMILY = "1,2";
			};
			name = Debug;
		};
		CCE9D1321C1812F6004E862E /* Release */ = {
			isa = XCBuildConfiguration;
			buildSettings = {
				ALWAYS_SEARCH_USER_PATHS = NO;
				CLANG_CXX_LANGUAGE_STANDARD = "gnu++0x";
				CLANG_CXX_LIBRARY = "libc++";
				CLANG_ENABLE_MODULES = YES;
				CLANG_ENABLE_OBJC_ARC = YES;
				CLANG_WARN_BOOL_CONVERSION = YES;
				CLANG_WARN_CONSTANT_CONVERSION = YES;
				CLANG_WARN_DIRECT_OBJC_ISA_USAGE = YES_ERROR;
				CLANG_WARN_EMPTY_BODY = YES;
				CLANG_WARN_ENUM_CONVERSION = YES;
				CLANG_WARN_INT_CONVERSION = YES;
				CLANG_WARN_OBJC_ROOT_CLASS = YES_ERROR;
				CLANG_WARN_UNREACHABLE_CODE = YES;
				CLANG_WARN__DUPLICATE_METHOD_MATCH = YES;
				"CODE_SIGN_IDENTITY[sdk=iphoneos*]" = "iPhone Developer";
				COPY_PHASE_STRIP = NO;
				DEBUG_INFORMATION_FORMAT = "dwarf-with-dsym";
				ENABLE_NS_ASSERTIONS = NO;
				ENABLE_STRICT_OBJC_MSGSEND = YES;
				GCC_C_LANGUAGE_STANDARD = gnu99;
				GCC_NO_COMMON_BLOCKS = YES;
				GCC_WARN_64_TO_32_BIT_CONVERSION = YES;
				GCC_WARN_ABOUT_RETURN_TYPE = YES_ERROR;
				GCC_WARN_UNDECLARED_SELECTOR = YES;
				GCC_WARN_UNINITIALIZED_AUTOS = YES_AGGRESSIVE;
				GCC_WARN_UNUSED_FUNCTION = YES;
				GCC_WARN_UNUSED_VARIABLE = YES;
				IPHONEOS_DEPLOYMENT_TARGET = 7.0;
				MTL_ENABLE_DEBUG_INFO = NO;
				SDKROOT = iphoneos;
				TARGETED_DEVICE_FAMILY = "1,2";
				VALIDATE_PRODUCT = YES;
			};
			name = Release;
		};
		CCE9D1341C1812F6004E862E /* Debug */ = {
			isa = XCBuildConfiguration;
			buildSettings = {
				ASSETCATALOG_COMPILER_APPICON_NAME = AppIcon;
				ASSETCATALOG_COMPILER_LAUNCHIMAGE_NAME = LaunchImage;
				CODE_SIGN_IDENTITY = "iPhone Developer";
				"CODE_SIGN_IDENTITY[sdk=iphoneos*]" = "iPhone Developer";
				FRAMEWORK_SEARCH_PATHS = (
					"$(SRCROOT)",
					"$(SRCROOT)/../Meiqia-SDK-files",
					"$(PROJECT_DIR)",
				);
				INFOPLIST_FILE = "Meiqia-SDK-Demo/Info.plist";
				LD_RUNPATH_SEARCH_PATHS = "$(inherited) @executable_path/Frameworks";
				LIBRARY_SEARCH_PATHS = (
					"$(inherited)",
					"$(SRCROOT)/../Meiqia-SDK-files/MQChatViewController/Vendors/MLAudioRecorder/amr_en_de/**",
				);
				PRODUCT_BUNDLE_IDENTIFIER = com.meiqia.ecoboost.sdk.demo;
				PRODUCT_NAME = "$(TARGET_NAME)";
				PROVISIONING_PROFILE = "";
			};
			name = Debug;
		};
		CCE9D1351C1812F6004E862E /* Release */ = {
			isa = XCBuildConfiguration;
			buildSettings = {
				ASSETCATALOG_COMPILER_APPICON_NAME = AppIcon;
				ASSETCATALOG_COMPILER_LAUNCHIMAGE_NAME = LaunchImage;
				CODE_SIGN_IDENTITY = "iPhone Developer";
				"CODE_SIGN_IDENTITY[sdk=iphoneos*]" = "iPhone Developer";
				FRAMEWORK_SEARCH_PATHS = (
					"$(SRCROOT)",
					"$(SRCROOT)/../Meiqia-SDK-files",
					"$(PROJECT_DIR)",
				);
				INFOPLIST_FILE = "Meiqia-SDK-Demo/Info.plist";
				LD_RUNPATH_SEARCH_PATHS = "$(inherited) @executable_path/Frameworks";
				LIBRARY_SEARCH_PATHS = (
					"$(inherited)",
					"$(SRCROOT)/../Meiqia-SDK-files/MQChatViewController/Vendors/MLAudioRecorder/amr_en_de/**",
				);
				PRODUCT_BUNDLE_IDENTIFIER = com.meiqia.ecoboost.sdk.demo;
				PRODUCT_NAME = "$(TARGET_NAME)";
				PROVISIONING_PROFILE = "";
			};
			name = Release;
		};
		CCE9D1371C1812F6004E862E /* Debug */ = {
			isa = XCBuildConfiguration;
			buildSettings = {
				BUNDLE_LOADER = "$(TEST_HOST)";
				INFOPLIST_FILE = "Meiqia-SDK-DemoTests/Info.plist";
				LD_RUNPATH_SEARCH_PATHS = "$(inherited) @executable_path/Frameworks @loader_path/Frameworks";
				PRODUCT_BUNDLE_IDENTIFIER = "ijinmao.Meiqia-SDK-DemoTests";
				PRODUCT_NAME = "$(TARGET_NAME)";
				TEST_HOST = "$(BUILT_PRODUCTS_DIR)/Meiqia-SDK-Demo.app/Meiqia-SDK-Demo";
			};
			name = Debug;
		};
		CCE9D1381C1812F6004E862E /* Release */ = {
			isa = XCBuildConfiguration;
			buildSettings = {
				BUNDLE_LOADER = "$(TEST_HOST)";
				INFOPLIST_FILE = "Meiqia-SDK-DemoTests/Info.plist";
				LD_RUNPATH_SEARCH_PATHS = "$(inherited) @executable_path/Frameworks @loader_path/Frameworks";
				PRODUCT_BUNDLE_IDENTIFIER = "ijinmao.Meiqia-SDK-DemoTests";
				PRODUCT_NAME = "$(TARGET_NAME)";
				TEST_HOST = "$(BUILT_PRODUCTS_DIR)/Meiqia-SDK-Demo.app/Meiqia-SDK-Demo";
			};
			name = Release;
		};
		CCE9D13A1C1812F6004E862E /* Debug */ = {
			isa = XCBuildConfiguration;
			buildSettings = {
				INFOPLIST_FILE = "Meiqia-SDK-DemoUITests/Info.plist";
				LD_RUNPATH_SEARCH_PATHS = "$(inherited) @executable_path/Frameworks @loader_path/Frameworks";
				PRODUCT_BUNDLE_IDENTIFIER = "ijinmao.Meiqia-SDK-DemoUITests";
				PRODUCT_NAME = "$(TARGET_NAME)";
				TEST_TARGET_NAME = "Meiqia-SDK-Demo";
				USES_XCTRUNNER = YES;
			};
			name = Debug;
		};
		CCE9D13B1C1812F6004E862E /* Release */ = {
			isa = XCBuildConfiguration;
			buildSettings = {
				INFOPLIST_FILE = "Meiqia-SDK-DemoUITests/Info.plist";
				LD_RUNPATH_SEARCH_PATHS = "$(inherited) @executable_path/Frameworks @loader_path/Frameworks";
				PRODUCT_BUNDLE_IDENTIFIER = "ijinmao.Meiqia-SDK-DemoUITests";
				PRODUCT_NAME = "$(TARGET_NAME)";
				TEST_TARGET_NAME = "Meiqia-SDK-Demo";
				USES_XCTRUNNER = YES;
			};
			name = Release;
		};
/* End XCBuildConfiguration section */

/* Begin XCConfigurationList section */
		CCE9D1011C1812F6004E862E /* Build configuration list for PBXProject "Meiqia-SDK-Demo" */ = {
			isa = XCConfigurationList;
			buildConfigurations = (
				CCE9D1311C1812F6004E862E /* Debug */,
				CCE9D1321C1812F6004E862E /* Release */,
			);
			defaultConfigurationIsVisible = 0;
			defaultConfigurationName = Release;
		};
		CCE9D1331C1812F6004E862E /* Build configuration list for PBXNativeTarget "Meiqia-SDK-Demo" */ = {
			isa = XCConfigurationList;
			buildConfigurations = (
				CCE9D1341C1812F6004E862E /* Debug */,
				CCE9D1351C1812F6004E862E /* Release */,
			);
			defaultConfigurationIsVisible = 0;
			defaultConfigurationName = Release;
		};
		CCE9D1361C1812F6004E862E /* Build configuration list for PBXNativeTarget "Meiqia-SDK-DemoTests" */ = {
			isa = XCConfigurationList;
			buildConfigurations = (
				CCE9D1371C1812F6004E862E /* Debug */,
				CCE9D1381C1812F6004E862E /* Release */,
			);
			defaultConfigurationIsVisible = 0;
			defaultConfigurationName = Release;
		};
		CCE9D1391C1812F6004E862E /* Build configuration list for PBXNativeTarget "Meiqia-SDK-DemoUITests" */ = {
			isa = XCConfigurationList;
			buildConfigurations = (
				CCE9D13A1C1812F6004E862E /* Debug */,
				CCE9D13B1C1812F6004E862E /* Release */,
			);
			defaultConfigurationIsVisible = 0;
			defaultConfigurationName = Release;
		};
/* End XCConfigurationList section */
	};
	rootObject = CCE9D0FE1C1812F6004E862E /* Project object */;
}
